// !$*UTF8*$!
{
	archiveVersion = 1;
	classes = {
	};
	objectVersion = 46;
	objects = {

/* Begin PBXAggregateTarget section */
		913AF1201C42A48B0079E5CA /* Documentation */ = {
			isa = PBXAggregateTarget;
			buildConfigurationList = 913AF1231C42A48C0079E5CA /* Build configuration list for PBXAggregateTarget "Documentation" */;
			buildPhases = (
				913AF1241C42A4900079E5CA /* ShellScript */,
			);
			dependencies = (
			);
			name = Documentation;
			productName = Documentation;
		};
/* End PBXAggregateTarget section */

/* Begin PBXBuildFile section */
		57527223071378CFF0013B4E /* libPods-NestSDKTests.a in Frameworks */ = {isa = PBXBuildFile; fileRef = 58AA15B9FDBA869034B97045 /* libPods-NestSDKTests.a */; };
		913AF11F1C4267B50079E5CA /* NestSDKApplicationDelegate.h in Headers */ = {isa = PBXBuildFile; fileRef = 91DC3D541C3F123C00A61B61 /* NestSDKApplicationDelegate.h */; settings = {ATTRIBUTES = (Public, ); }; };
		913AF1251C445C430079E5CA /* metadata.json in Resources */ = {isa = PBXBuildFile; fileRef = D7C02A36473FF37BE7C20BDA /* metadata.json */; };
		91DC3D3A1C3F103100A61B61 /* NestSDK.h in Headers */ = {isa = PBXBuildFile; fileRef = 91DC3D391C3F103100A61B61 /* NestSDK.h */; settings = {ATTRIBUTES = (Public, ); }; };
		91DC3D411C3F103100A61B61 /* NestSDK.framework in Frameworks */ = {isa = PBXBuildFile; fileRef = 91DC3D361C3F103100A61B61 /* NestSDK.framework */; };
		91DC3D461C3F103100A61B61 /* NestSDKTests.m in Sources */ = {isa = PBXBuildFile; fileRef = 91DC3D451C3F103100A61B61 /* NestSDKTests.m */; };
		91DC3D711C3F123C00A61B61 /* NestSDKApplicationDelegate.m in Sources */ = {isa = PBXBuildFile; fileRef = 91DC3D551C3F123C00A61B61 /* NestSDKApplicationDelegate.m */; };
		994A46EB54FD53AA7CE1EDEF /* libPods-NestSDK.a in Frameworks */ = {isa = PBXBuildFile; fileRef = 5091C3934F818825EFCA5F61 /* libPods-NestSDK.a */; };
		D7C0200645B252F3C2B0CBF9 /* NestSDKDataManager.h in Headers */ = {isa = PBXBuildFile; fileRef = D7C02AC086B5EA6AC916A730 /* NestSDKDataManager.h */; settings = {ATTRIBUTES = (Public, ); }; };
		D7C0202973191B1CCD917EF8 /* NestSDKFirebaseService.m in Sources */ = {isa = PBXBuildFile; fileRef = D7C02574CF95DA524944E039 /* NestSDKFirebaseService.m */; };
		D7C0207D8EE3B09D60DCAB0E /* NestSDKSmokeCOAlarm.h in Headers */ = {isa = PBXBuildFile; fileRef = D7C02649C6182B3A56152947 /* NestSDKSmokeCOAlarm.h */; settings = {ATTRIBUTES = (Public, ); }; };
		D7C020A403C52B2406E9C443 /* UIColor+NestBlue.h in Headers */ = {isa = PBXBuildFile; fileRef = D7C028ABC3D9860DDB1B9AF1 /* UIColor+NestBlue.h */; };
		D7C020B6AD0F9822ED4A3802 /* NestSDKAuthorizationManagerAuthorizationResult.m in Sources */ = {isa = PBXBuildFile; fileRef = D7C022297DEC57200648225D /* NestSDKAuthorizationManagerAuthorizationResult.m */; };
		D7C020BAD5A56DF8E690CBB6 /* NestSDKCamera.h in Headers */ = {isa = PBXBuildFile; fileRef = D7C02D71EC5C20D3388C105D /* NestSDKCamera.h */; settings = {ATTRIBUTES = (Public, ); }; };
		D7C0211068C2556254D7AA34 /* NestSDKProductResourceUse.h in Headers */ = {isa = PBXBuildFile; fileRef = D7C021DECCDBEE1C428E6C84 /* NestSDKProductResourceUse.h */; settings = {ATTRIBUTES = (Public, ); }; };
		D7C021551E61DCEB5C3A83A2 /* NestSDKProductIdentification.h in Headers */ = {isa = PBXBuildFile; fileRef = D7C026A26A8ED1D857540089 /* NestSDKProductIdentification.h */; settings = {ATTRIBUTES = (Public, ); }; };
		D7C02160DB0C53E3FC98EE56 /* thermostat.json in Resources */ = {isa = PBXBuildFile; fileRef = D7C02BCA9FFF19496CB0B0E6 /* thermostat.json */; };
		D7C021735D90A7AFA8E4E3CD /* NestSDKAuthorizationManager.m in Sources */ = {isa = PBXBuildFile; fileRef = D7C02AE4A29F26716A573481 /* NestSDKAuthorizationManager.m */; };
		D7C021844EFFA3BAAE4851BF /* NestSDKAuthorizationManagerTests.m in Sources */ = {isa = PBXBuildFile; fileRef = D7C026F639A253CB066622AC /* NestSDKAuthorizationManagerTests.m */; };
		D7C021E3DBE31DBB38D97358 /* NestSDKMetadata.h in Headers */ = {isa = PBXBuildFile; fileRef = D7C0295F4323A7B608FDEC77 /* NestSDKMetadata.h */; settings = {ATTRIBUTES = (Public, ); }; };
		D7C0220FF5B24A30102513AA /* NestSDKWheres.h in Headers */ = {isa = PBXBuildFile; fileRef = D7C0241F51F6A4A39C1E89A8 /* NestSDKWheres.h */; settings = {ATTRIBUTES = (Public, ); }; };
		D7C02217D3BD26A65143B6CF /* NestSDKProductResourceUse.m in Sources */ = {isa = PBXBuildFile; fileRef = D7C0222E0913DE127EE0859F /* NestSDKProductResourceUse.m */; };
		D7C022532DF353D366014757 /* NestSDKLogger.m in Sources */ = {isa = PBXBuildFile; fileRef = D7C029123AA9904E40AD1816 /* NestSDKLogger.m */; };
		D7C022538D148AB5DADBB021 /* UIColor+NestBlue.m in Sources */ = {isa = PBXBuildFile; fileRef = D7C0209852FC57CDC7137DBD /* UIColor+NestBlue.m */; };
		D7C0226A48869F98DD8C9139 /* NestSDKProductIdentification.m in Sources */ = {isa = PBXBuildFile; fileRef = D7C02385E7A1815D0F44AA64 /* NestSDKProductIdentification.m */; };
		D7C0227322937C59ACD8B157 /* NestSDKAuthorizationManagerAuthorizationResultTests.m in Sources */ = {isa = PBXBuildFile; fileRef = D7C024FF611FC84471870A37 /* NestSDKAuthorizationManagerAuthorizationResultTests.m */; };
		D7C023ADD782EA5D3340FA5C /* NestSDKWheres.m in Sources */ = {isa = PBXBuildFile; fileRef = D7C024E96C3BE244AC866820 /* NestSDKWheres.m */; };
		D7C023B83B7CC9AADC45A249 /* NestSDKProductSoftware.h in Headers */ = {isa = PBXBuildFile; fileRef = D7C02514FCFFF86F1A2AA0DF /* NestSDKProductSoftware.h */; settings = {ATTRIBUTES = (Public, ); }; };
		D7C023C5B9AB1CC24A6444DF /* structure.json in Resources */ = {isa = PBXBuildFile; fileRef = D7C025B2520F58DEDD1DC363 /* structure.json */; };
		D7C023CF093598D10611A942 /* NestSDKProduct.h in Headers */ = {isa = PBXBuildFile; fileRef = D7C0288A03022C5947B28EBF /* NestSDKProduct.h */; settings = {ATTRIBUTES = (Public, ); }; };
		D7C023EC3DF8E4817CCCDDF0 /* NestSDKRESTService.m in Sources */ = {isa = PBXBuildFile; fileRef = D7C022B4EE034E8CBA3CD885 /* NestSDKRESTService.m */; };
		D7C02453577775B38E87113C /* NestSDKCameraLastEvent.m in Sources */ = {isa = PBXBuildFile; fileRef = D7C02062DF429D0467B1A9E2 /* NestSDKCameraLastEvent.m */; };
		D7C0245BB92D7A8E2361E17C /* NestSDKError.m in Sources */ = {isa = PBXBuildFile; fileRef = D7C0267171E4722D23510375 /* NestSDKError.m */; };
		D7C0251DC02F6E3EDDD67A4A /* NestSDKETA.m in Sources */ = {isa = PBXBuildFile; fileRef = D7C028D9BE99F7FB0334331C /* NestSDKETA.m */; };
		D7C02530A855F8E2DCEA11BA /* NestSDKProductResource.m in Sources */ = {isa = PBXBuildFile; fileRef = D7C025468FAE00EA1DDDACE4 /* NestSDKProductResource.m */; };
		D7C0254233E8091358B0073F /* NestSDKUtils.h in Headers */ = {isa = PBXBuildFile; fileRef = D7C028E10139B3C67BAE80AA /* NestSDKUtils.h */; settings = {ATTRIBUTES = (Public, ); }; };
		D7C0258702090EA4573F3221 /* NestSDKStructure.m in Sources */ = {isa = PBXBuildFile; fileRef = D7C02FF9783691308B1C0100 /* NestSDKStructure.m */; };
		D7C026277B62D6CD5A0904E2 /* NestSDKProductResource.h in Headers */ = {isa = PBXBuildFile; fileRef = D7C02E5D069C59244A559F11 /* NestSDKProductResource.h */; settings = {ATTRIBUTES = (Public, ); }; };
		D7C02652A1D09F860CC4E047 /* NestSDKError.h in Headers */ = {isa = PBXBuildFile; fileRef = D7C024A63079E9EBDC7C862C /* NestSDKError.h */; settings = {ATTRIBUTES = (Public, ); }; };
		D7C026600655F730C31BC80A /* NestSDKRESTService.h in Headers */ = {isa = PBXBuildFile; fileRef = D7C029EFA9AD5B3D73DB65A8 /* NestSDKRESTService.h */; };
		D7C026851CE2363FD2F8E86E /* NestSDKAuthorizationManager.h in Headers */ = {isa = PBXBuildFile; fileRef = D7C02436225D3842DC259BC8 /* NestSDKAuthorizationManager.h */; settings = {ATTRIBUTES = (Public, ); }; };
		D7C0268F99BDEB0A54809616 /* NestSDKThermostat.h in Headers */ = {isa = PBXBuildFile; fileRef = D7C02114E20E0285BBB86095 /* NestSDKThermostat.h */; settings = {ATTRIBUTES = (Public, ); }; };
		D7C0269040F744AFAF0E91C5 /* NestSDKDataModel.m in Sources */ = {isa = PBXBuildFile; fileRef = D7C02F632C88F06CF8586798 /* NestSDKDataModel.m */; };
		D7C02695AB4EB2F79F7A4256 /* NestSDKFirebaseManager.m in Sources */ = {isa = PBXBuildFile; fileRef = D7C02D5B4650DFDC24DB3308 /* NestSDKFirebaseManager.m */; };
		D7C026A03073A4FAE904F1BB /* NestSDKMetadata.m in Sources */ = {isa = PBXBuildFile; fileRef = D7C02D29C5136A59FA3C2AD8 /* NestSDKMetadata.m */; };
		D7C026A0946DC23FF9E9A92F /* NestSDKStructureTests.m in Sources */ = {isa = PBXBuildFile; fileRef = D7C0259F3878A31A08A3952D /* NestSDKStructureTests.m */; };
		D7C026E7C76CC70C4882134A /* NestSDKProductSoftware.m in Sources */ = {isa = PBXBuildFile; fileRef = D7C02296F470670C3211AC8D /* NestSDKProductSoftware.m */; };
		D7C026FC2C8E84005B25D8C4 /* wheres.json in Resources */ = {isa = PBXBuildFile; fileRef = D7C02071A8B6EC32BC624F8A /* wheres.json */; };
		D7C02736B87719D145667BD8 /* structures.json in Resources */ = {isa = PBXBuildFile; fileRef = D7C0244D4119A5D79BE76B4A /* structures.json */; };
		D7C027622AAA7CAE1BB6D12F /* NestSDKStructure.h in Headers */ = {isa = PBXBuildFile; fileRef = D7C02E3BFF6CC73281FF6B8B /* NestSDKStructure.h */; settings = {ATTRIBUTES = (Public, ); }; };
		D7C027656FE4146351E40AFD /* eta.json in Resources */ = {isa = PBXBuildFile; fileRef = D7C02AD6AD3FE5675DEAA4A8 /* eta.json */; };
		D7C0276AA8B41F1A1ABEA4C6 /* camera.json in Resources */ = {isa = PBXBuildFile; fileRef = D7C025597D569435AA661A3B /* camera.json */; };
		D7C027ACCA85BDBA5A04DCBD /* NestSDKAccessTokenCache.m in Sources */ = {isa = PBXBuildFile; fileRef = D7C02C78512CDB4192D83320 /* NestSDKAccessTokenCache.m */; };
		D7C027E685D5DF203210C58E /* NestSDKConnectWithNestButton.h in Headers */ = {isa = PBXBuildFile; fileRef = D7C0233A4580B5AD7D31F759 /* NestSDKConnectWithNestButton.h */; settings = {ATTRIBUTES = (Public, ); }; };
		D7C0286E3778CBEE57DFF0AC /* NestSDKETA.h in Headers */ = {isa = PBXBuildFile; fileRef = D7C022F625E5DE138D16B329 /* NestSDKETA.h */; settings = {ATTRIBUTES = (Public, ); }; };
		D7C02870978E5BA55A754510 /* NestSDKLogger.h in Headers */ = {isa = PBXBuildFile; fileRef = D7C024F23232D2F798FD48D0 /* NestSDKLogger.h */; settings = {ATTRIBUTES = (Public, ); }; };
		D7C0287B44E5BD6BD1BC3377 /* NestSDKProduct.m in Sources */ = {isa = PBXBuildFile; fileRef = D7C0238321D484957970A20A /* NestSDKProduct.m */; };
		D7C0289CB6AA597A287EAF5A /* NestSDKFirebaseServiceTests.m in Sources */ = {isa = PBXBuildFile; fileRef = D7C0254218BEDB238460966B /* NestSDKFirebaseServiceTests.m */; };
		D7C028B37B5EFD17F00336E8 /* NestSDKAccessToken.h in Headers */ = {isa = PBXBuildFile; fileRef = D7C026DE0CEFA2F3ECDB762B /* NestSDKAccessToken.h */; settings = {ATTRIBUTES = (Public, ); }; };
		D7C028C8B6BF28E27AA9DE99 /* NestSDKFirebaseManager.h in Headers */ = {isa = PBXBuildFile; fileRef = D7C02AB6CA762D8488652AD5 /* NestSDKFirebaseManager.h */; };
		D7C02911C764C5E675FD2DB3 /* NestSDKAuthorizationManagerAuthorizationResult.h in Headers */ = {isa = PBXBuildFile; fileRef = D7C027ACED758E98E3061DCD /* NestSDKAuthorizationManagerAuthorizationResult.h */; settings = {ATTRIBUTES = (Public, ); }; };
		D7C02923AAB02994D73D0DC0 /* device.json in Resources */ = {isa = PBXBuildFile; fileRef = D7C02C917F16859B5861DD35 /* device.json */; };
		D7C02A71F2C7094895D73250 /* NestSDKETATests.m in Sources */ = {isa = PBXBuildFile; fileRef = D7C02084C9EBA7A854AE471C /* NestSDKETATests.m */; };
		D7C02A824799D6445E19AC4A /* NestSDKMetadataTests.m in Sources */ = {isa = PBXBuildFile; fileRef = D7C0276207D694525CF3D027 /* NestSDKMetadataTests.m */; };
		D7C02A953EF50284D3E0CF92 /* NestSDKDataModel.h in Headers */ = {isa = PBXBuildFile; fileRef = D7C02C64FAD4C300F0B14C54 /* NestSDKDataModel.h */; settings = {ATTRIBUTES = (Public, ); }; };
		D7C02ADB8BB418F1E03FDE8A /* NestSDKProductLocation.h in Headers */ = {isa = PBXBuildFile; fileRef = D7C02CA2A9D4F9DF6CA297A4 /* NestSDKProductLocation.h */; settings = {ATTRIBUTES = (Public, ); }; };
		D7C02B4A98D390AF641F4B52 /* NestSDKAccessToken.m in Sources */ = {isa = PBXBuildFile; fileRef = D7C02745F6B884E9A4F395BE /* NestSDKAccessToken.m */; };
		D7C02B518248341F67B519B0 /* NestSDKCamera.m in Sources */ = {isa = PBXBuildFile; fileRef = D7C02E31F07815886D80F4D2 /* NestSDKCamera.m */; };
		D7C02B917102861D17A1A5CD /* smoke_co_alarm.json in Resources */ = {isa = PBXBuildFile; fileRef = D7C02206CEF5D892E6F1BD69 /* smoke_co_alarm.json */; };
		D7C02BADDFC591F9C3C845FD /* NestSDKUtils.m in Sources */ = {isa = PBXBuildFile; fileRef = D7C026E8605A28BE2D5FE5CD /* NestSDKUtils.m */; };
		D7C02BB0BD1A9F9330C306CE /* NestSDKService.h in Headers */ = {isa = PBXBuildFile; fileRef = D7C02B2BE897CE8DD0A550CD /* NestSDKService.h */; settings = {ATTRIBUTES = (Public, ); }; };
		D7C02BE6AAE8376C91BA65A2 /* NestSDKDataManagerTests.m in Sources */ = {isa = PBXBuildFile; fileRef = D7C02266AA9C46405A6562A8 /* NestSDKDataManagerTests.m */; };
		D7C02C0EDD29D214103EAA72 /* NestSDKFirebaseService.h in Headers */ = {isa = PBXBuildFile; fileRef = D7C02771EE2D69D2496F5C3B /* NestSDKFirebaseService.h */; settings = {ATTRIBUTES = (Public, ); }; };
		D7C02CB2A86673E51C92BDB6 /* NestSDKDataManager.m in Sources */ = {isa = PBXBuildFile; fileRef = D7C02D5877EF9CB886A72B81 /* NestSDKDataManager.m */; };
		D7C02D5E6A65F126CE0CD2FC /* NestSDKProductLocation.m in Sources */ = {isa = PBXBuildFile; fileRef = D7C0261C535FE7FCFD19F309 /* NestSDKProductLocation.m */; };
		D7C02D6AE6B32C5DAE3F3F54 /* NestSDKCameraLastEvent.h in Headers */ = {isa = PBXBuildFile; fileRef = D7C020D952578A898C84CE98 /* NestSDKCameraLastEvent.h */; settings = {ATTRIBUTES = (Public, ); }; };
		D7C02E029723E67FC9ACEF6E /* NestSDKDevice.m in Sources */ = {isa = PBXBuildFile; fileRef = D7C023A0ED8658C998808F81 /* NestSDKDevice.m */; };
		D7C02E511AC20042EE86A417 /* NestSDKWheresTests.m in Sources */ = {isa = PBXBuildFile; fileRef = D7C028666438670034496277 /* NestSDKWheresTests.m */; };
		D7C02E7A4623EA5CA7BFE0B4 /* NestSDKAccessTokenCache.h in Headers */ = {isa = PBXBuildFile; fileRef = D7C02BD2B30A85EE418B9673 /* NestSDKAccessTokenCache.h */; };
		D7C02EAF5E5B898E8945C9D5 /* NestSDKConnectWithNestButton.m in Sources */ = {isa = PBXBuildFile; fileRef = D7C02E07B79F532466176EED /* NestSDKConnectWithNestButton.m */; };
		D7C02ECD338961CA805E4A13 /* NestSDKAuthorizationViewController.m in Sources */ = {isa = PBXBuildFile; fileRef = D7C02598FDDD4134B47C8192 /* NestSDKAuthorizationViewController.m */; };
		D7C02ECDA6887CA05EFDC628 /* NestSDKDeviceTests.m in Sources */ = {isa = PBXBuildFile; fileRef = D7C02CEF1E89B79F40042072 /* NestSDKDeviceTests.m */; };
		D7C02EF291ABDBE169297807 /* NestSDKUtilsTests.m in Sources */ = {isa = PBXBuildFile; fileRef = D7C02364BDEEB5AF7A52E32A /* NestSDKUtilsTests.m */; };
		D7C02F1B97AC46C2FDF9CA5F /* NestSDKDevice.h in Headers */ = {isa = PBXBuildFile; fileRef = D7C02454AD1A9348491AFE9C /* NestSDKDevice.h */; settings = {ATTRIBUTES = (Public, ); }; };
		D7C02F5F79AEBD34A128E436 /* NestSDKThermostat.m in Sources */ = {isa = PBXBuildFile; fileRef = D7C0221CA8A18EDA70E0421A /* NestSDKThermostat.m */; };
		D7C02FCA4421269BCF0FE722 /* NestSDKSmokeCOAlarm.m in Sources */ = {isa = PBXBuildFile; fileRef = D7C02C206732F084EA36C8C4 /* NestSDKSmokeCOAlarm.m */; };
/* End PBXBuildFile section */

/* Begin PBXContainerItemProxy section */
		91DC3D421C3F103100A61B61 /* PBXContainerItemProxy */ = {
			isa = PBXContainerItemProxy;
			containerPortal = 91DC3D2D1C3F103100A61B61 /* Project object */;
			proxyType = 1;
			remoteGlobalIDString = 91DC3D351C3F103100A61B61;
			remoteInfo = NestSDK;
		};
/* End PBXContainerItemProxy section */

/* Begin PBXFileReference section */
		0B28A09C1CA9E937897F3223 /* Pods-NestSDKTests.debug.xcconfig */ = {isa = PBXFileReference; includeInIndex = 1; lastKnownFileType = text.xcconfig; name = "Pods-NestSDKTests.debug.xcconfig"; path = "Pods/Target Support Files/Pods-NestSDKTests/Pods-NestSDKTests.debug.xcconfig"; sourceTree = "<group>"; };
		0FD79931A7DFF01EBAD7B3BB /* Pods-NestSDKTests.release.xcconfig */ = {isa = PBXFileReference; includeInIndex = 1; lastKnownFileType = text.xcconfig; name = "Pods-NestSDKTests.release.xcconfig"; path = "Pods/Target Support Files/Pods-NestSDKTests/Pods-NestSDKTests.release.xcconfig"; sourceTree = "<group>"; };
		1A6F820208666CB0CCA13237 /* Pods-NestSDK.release.xcconfig */ = {isa = PBXFileReference; includeInIndex = 1; lastKnownFileType = text.xcconfig; name = "Pods-NestSDK.release.xcconfig"; path = "Pods/Target Support Files/Pods-NestSDK/Pods-NestSDK.release.xcconfig"; sourceTree = "<group>"; };
		48C09388F598ADF046C53C82 /* Pods-NestSDK.debug.xcconfig */ = {isa = PBXFileReference; includeInIndex = 1; lastKnownFileType = text.xcconfig; name = "Pods-NestSDK.debug.xcconfig"; path = "Pods/Target Support Files/Pods-NestSDK/Pods-NestSDK.debug.xcconfig"; sourceTree = "<group>"; };
		5091C3934F818825EFCA5F61 /* libPods-NestSDK.a */ = {isa = PBXFileReference; explicitFileType = archive.ar; includeInIndex = 0; path = "libPods-NestSDK.a"; sourceTree = BUILT_PRODUCTS_DIR; };
		58AA15B9FDBA869034B97045 /* libPods-NestSDKTests.a */ = {isa = PBXFileReference; explicitFileType = archive.ar; includeInIndex = 0; path = "libPods-NestSDKTests.a"; sourceTree = BUILT_PRODUCTS_DIR; };
		91DC3D361C3F103100A61B61 /* NestSDK.framework */ = {isa = PBXFileReference; explicitFileType = wrapper.framework; includeInIndex = 0; path = NestSDK.framework; sourceTree = BUILT_PRODUCTS_DIR; };
		91DC3D391C3F103100A61B61 /* NestSDK.h */ = {isa = PBXFileReference; lastKnownFileType = sourcecode.c.h; path = NestSDK.h; sourceTree = "<group>"; };
		91DC3D3B1C3F103100A61B61 /* Info.plist */ = {isa = PBXFileReference; lastKnownFileType = text.plist.xml; path = Info.plist; sourceTree = "<group>"; };
		91DC3D401C3F103100A61B61 /* NestSDKTests.xctest */ = {isa = PBXFileReference; explicitFileType = wrapper.cfbundle; includeInIndex = 0; path = NestSDKTests.xctest; sourceTree = BUILT_PRODUCTS_DIR; };
		91DC3D451C3F103100A61B61 /* NestSDKTests.m */ = {isa = PBXFileReference; lastKnownFileType = sourcecode.c.objc; path = NestSDKTests.m; sourceTree = "<group>"; };
		91DC3D471C3F103100A61B61 /* Info.plist */ = {isa = PBXFileReference; lastKnownFileType = text.plist.xml; path = Info.plist; sourceTree = "<group>"; };
		91DC3D541C3F123C00A61B61 /* NestSDKApplicationDelegate.h */ = {isa = PBXFileReference; fileEncoding = 4; lastKnownFileType = sourcecode.c.h; path = NestSDKApplicationDelegate.h; sourceTree = "<group>"; };
		91DC3D551C3F123C00A61B61 /* NestSDKApplicationDelegate.m */ = {isa = PBXFileReference; fileEncoding = 4; lastKnownFileType = sourcecode.c.objc; path = NestSDKApplicationDelegate.m; sourceTree = "<group>"; };
		D7C02062DF429D0467B1A9E2 /* NestSDKCameraLastEvent.m */ = {isa = PBXFileReference; fileEncoding = 4; lastKnownFileType = sourcecode.c.objc; path = NestSDKCameraLastEvent.m; sourceTree = "<group>"; };
		D7C02071A8B6EC32BC624F8A /* wheres.json */ = {isa = PBXFileReference; lastKnownFileType = text.json; path = wheres.json; sourceTree = "<group>"; };
		D7C02084C9EBA7A854AE471C /* NestSDKETATests.m */ = {isa = PBXFileReference; fileEncoding = 4; lastKnownFileType = sourcecode.c.objc; path = NestSDKETATests.m; sourceTree = "<group>"; };
		D7C0209852FC57CDC7137DBD /* UIColor+NestBlue.m */ = {isa = PBXFileReference; fileEncoding = 4; lastKnownFileType = sourcecode.c.objc; path = "UIColor+NestBlue.m"; sourceTree = "<group>"; };
		D7C020D952578A898C84CE98 /* NestSDKCameraLastEvent.h */ = {isa = PBXFileReference; fileEncoding = 4; lastKnownFileType = sourcecode.c.h; path = NestSDKCameraLastEvent.h; sourceTree = "<group>"; };
		D7C02114E20E0285BBB86095 /* NestSDKThermostat.h */ = {isa = PBXFileReference; fileEncoding = 4; lastKnownFileType = sourcecode.c.h; path = NestSDKThermostat.h; sourceTree = "<group>"; };
		D7C021DECCDBEE1C428E6C84 /* NestSDKProductResourceUse.h */ = {isa = PBXFileReference; fileEncoding = 4; lastKnownFileType = sourcecode.c.h; path = NestSDKProductResourceUse.h; sourceTree = "<group>"; };
		D7C02206CEF5D892E6F1BD69 /* smoke_co_alarm.json */ = {isa = PBXFileReference; lastKnownFileType = text.json; path = smoke_co_alarm.json; sourceTree = "<group>"; };
		D7C0221CA8A18EDA70E0421A /* NestSDKThermostat.m */ = {isa = PBXFileReference; fileEncoding = 4; lastKnownFileType = sourcecode.c.objc; path = NestSDKThermostat.m; sourceTree = "<group>"; };
		D7C022297DEC57200648225D /* NestSDKAuthorizationManagerAuthorizationResult.m */ = {isa = PBXFileReference; fileEncoding = 4; lastKnownFileType = sourcecode.c.objc; path = NestSDKAuthorizationManagerAuthorizationResult.m; sourceTree = "<group>"; };
		D7C0222E0913DE127EE0859F /* NestSDKProductResourceUse.m */ = {isa = PBXFileReference; fileEncoding = 4; lastKnownFileType = sourcecode.c.objc; path = NestSDKProductResourceUse.m; sourceTree = "<group>"; };
		D7C02266AA9C46405A6562A8 /* NestSDKDataManagerTests.m */ = {isa = PBXFileReference; fileEncoding = 4; lastKnownFileType = sourcecode.c.objc; path = NestSDKDataManagerTests.m; sourceTree = "<group>"; };
		D7C02296F470670C3211AC8D /* NestSDKProductSoftware.m */ = {isa = PBXFileReference; fileEncoding = 4; lastKnownFileType = sourcecode.c.objc; path = NestSDKProductSoftware.m; sourceTree = "<group>"; };
		D7C0229F281289BBD09790C0 /* NestSDKAuthorizationViewController.h */ = {isa = PBXFileReference; fileEncoding = 4; lastKnownFileType = sourcecode.c.h; path = NestSDKAuthorizationViewController.h; sourceTree = "<group>"; };
		D7C022B4EE034E8CBA3CD885 /* NestSDKRESTService.m */ = {isa = PBXFileReference; fileEncoding = 4; lastKnownFileType = sourcecode.c.objc; path = NestSDKRESTService.m; sourceTree = "<group>"; };
		D7C022F625E5DE138D16B329 /* NestSDKETA.h */ = {isa = PBXFileReference; fileEncoding = 4; lastKnownFileType = sourcecode.c.h; path = NestSDKETA.h; sourceTree = "<group>"; };
		D7C0233A4580B5AD7D31F759 /* NestSDKConnectWithNestButton.h */ = {isa = PBXFileReference; fileEncoding = 4; lastKnownFileType = sourcecode.c.h; path = NestSDKConnectWithNestButton.h; sourceTree = "<group>"; };
		D7C02364BDEEB5AF7A52E32A /* NestSDKUtilsTests.m */ = {isa = PBXFileReference; fileEncoding = 4; lastKnownFileType = sourcecode.c.objc; path = NestSDKUtilsTests.m; sourceTree = "<group>"; };
		D7C0238321D484957970A20A /* NestSDKProduct.m */ = {isa = PBXFileReference; fileEncoding = 4; lastKnownFileType = sourcecode.c.objc; path = NestSDKProduct.m; sourceTree = "<group>"; };
		D7C02385E7A1815D0F44AA64 /* NestSDKProductIdentification.m */ = {isa = PBXFileReference; fileEncoding = 4; lastKnownFileType = sourcecode.c.objc; path = NestSDKProductIdentification.m; sourceTree = "<group>"; };
		D7C023A0ED8658C998808F81 /* NestSDKDevice.m */ = {isa = PBXFileReference; fileEncoding = 4; lastKnownFileType = sourcecode.c.objc; path = NestSDKDevice.m; sourceTree = "<group>"; };
		D7C0241F51F6A4A39C1E89A8 /* NestSDKWheres.h */ = {isa = PBXFileReference; fileEncoding = 4; lastKnownFileType = sourcecode.c.h; path = NestSDKWheres.h; sourceTree = "<group>"; };
		D7C02436225D3842DC259BC8 /* NestSDKAuthorizationManager.h */ = {isa = PBXFileReference; fileEncoding = 4; lastKnownFileType = sourcecode.c.h; path = NestSDKAuthorizationManager.h; sourceTree = "<group>"; };
		D7C0244D4119A5D79BE76B4A /* structures.json */ = {isa = PBXFileReference; lastKnownFileType = text.json; path = structures.json; sourceTree = "<group>"; };
		D7C02454AD1A9348491AFE9C /* NestSDKDevice.h */ = {isa = PBXFileReference; fileEncoding = 4; lastKnownFileType = sourcecode.c.h; path = NestSDKDevice.h; sourceTree = "<group>"; };
		D7C024A63079E9EBDC7C862C /* NestSDKError.h */ = {isa = PBXFileReference; fileEncoding = 4; lastKnownFileType = sourcecode.c.h; path = NestSDKError.h; sourceTree = "<group>"; };
		D7C024E96C3BE244AC866820 /* NestSDKWheres.m */ = {isa = PBXFileReference; fileEncoding = 4; lastKnownFileType = sourcecode.c.objc; path = NestSDKWheres.m; sourceTree = "<group>"; };
		D7C024F23232D2F798FD48D0 /* NestSDKLogger.h */ = {isa = PBXFileReference; fileEncoding = 4; lastKnownFileType = sourcecode.c.h; path = NestSDKLogger.h; sourceTree = "<group>"; };
		D7C024FF611FC84471870A37 /* NestSDKAuthorizationManagerAuthorizationResultTests.m */ = {isa = PBXFileReference; fileEncoding = 4; lastKnownFileType = sourcecode.c.objc; path = NestSDKAuthorizationManagerAuthorizationResultTests.m; sourceTree = "<group>"; };
		D7C02514FCFFF86F1A2AA0DF /* NestSDKProductSoftware.h */ = {isa = PBXFileReference; fileEncoding = 4; lastKnownFileType = sourcecode.c.h; path = NestSDKProductSoftware.h; sourceTree = "<group>"; };
		D7C0254218BEDB238460966B /* NestSDKFirebaseServiceTests.m */ = {isa = PBXFileReference; fileEncoding = 4; lastKnownFileType = sourcecode.c.objc; path = NestSDKFirebaseServiceTests.m; sourceTree = "<group>"; };
		D7C025468FAE00EA1DDDACE4 /* NestSDKProductResource.m */ = {isa = PBXFileReference; fileEncoding = 4; lastKnownFileType = sourcecode.c.objc; path = NestSDKProductResource.m; sourceTree = "<group>"; };
		D7C025597D569435AA661A3B /* camera.json */ = {isa = PBXFileReference; lastKnownFileType = text.json; path = camera.json; sourceTree = "<group>"; };
		D7C02574CF95DA524944E039 /* NestSDKFirebaseService.m */ = {isa = PBXFileReference; fileEncoding = 4; lastKnownFileType = sourcecode.c.objc; path = NestSDKFirebaseService.m; sourceTree = "<group>"; };
		D7C02598FDDD4134B47C8192 /* NestSDKAuthorizationViewController.m */ = {isa = PBXFileReference; fileEncoding = 4; lastKnownFileType = sourcecode.c.objc; path = NestSDKAuthorizationViewController.m; sourceTree = "<group>"; };
		D7C0259F3878A31A08A3952D /* NestSDKStructureTests.m */ = {isa = PBXFileReference; fileEncoding = 4; lastKnownFileType = sourcecode.c.objc; path = NestSDKStructureTests.m; sourceTree = "<group>"; };
		D7C025B2520F58DEDD1DC363 /* structure.json */ = {isa = PBXFileReference; lastKnownFileType = text.json; path = structure.json; sourceTree = "<group>"; };
		D7C0261C535FE7FCFD19F309 /* NestSDKProductLocation.m */ = {isa = PBXFileReference; fileEncoding = 4; lastKnownFileType = sourcecode.c.objc; path = NestSDKProductLocation.m; sourceTree = "<group>"; };
		D7C02649C6182B3A56152947 /* NestSDKSmokeCOAlarm.h */ = {isa = PBXFileReference; fileEncoding = 4; lastKnownFileType = sourcecode.c.h; path = NestSDKSmokeCOAlarm.h; sourceTree = "<group>"; };
		D7C0267171E4722D23510375 /* NestSDKError.m */ = {isa = PBXFileReference; fileEncoding = 4; lastKnownFileType = sourcecode.c.objc; path = NestSDKError.m; sourceTree = "<group>"; };
		D7C026A26A8ED1D857540089 /* NestSDKProductIdentification.h */ = {isa = PBXFileReference; fileEncoding = 4; lastKnownFileType = sourcecode.c.h; path = NestSDKProductIdentification.h; sourceTree = "<group>"; };
		D7C026DE0CEFA2F3ECDB762B /* NestSDKAccessToken.h */ = {isa = PBXFileReference; fileEncoding = 4; lastKnownFileType = sourcecode.c.h; path = NestSDKAccessToken.h; sourceTree = "<group>"; };
		D7C026E8605A28BE2D5FE5CD /* NestSDKUtils.m */ = {isa = PBXFileReference; fileEncoding = 4; lastKnownFileType = sourcecode.c.objc; path = NestSDKUtils.m; sourceTree = "<group>"; };
		D7C026F639A253CB066622AC /* NestSDKAuthorizationManagerTests.m */ = {isa = PBXFileReference; fileEncoding = 4; lastKnownFileType = sourcecode.c.objc; path = NestSDKAuthorizationManagerTests.m; sourceTree = "<group>"; };
		D7C02745F6B884E9A4F395BE /* NestSDKAccessToken.m */ = {isa = PBXFileReference; fileEncoding = 4; lastKnownFileType = sourcecode.c.objc; path = NestSDKAccessToken.m; sourceTree = "<group>"; };
		D7C0276207D694525CF3D027 /* NestSDKMetadataTests.m */ = {isa = PBXFileReference; fileEncoding = 4; lastKnownFileType = sourcecode.c.objc; path = NestSDKMetadataTests.m; sourceTree = "<group>"; };
		D7C02771EE2D69D2496F5C3B /* NestSDKFirebaseService.h */ = {isa = PBXFileReference; fileEncoding = 4; lastKnownFileType = sourcecode.c.h; path = NestSDKFirebaseService.h; sourceTree = "<group>"; };
		D7C027ACED758E98E3061DCD /* NestSDKAuthorizationManagerAuthorizationResult.h */ = {isa = PBXFileReference; fileEncoding = 4; lastKnownFileType = sourcecode.c.h; path = NestSDKAuthorizationManagerAuthorizationResult.h; sourceTree = "<group>"; };
		D7C028666438670034496277 /* NestSDKWheresTests.m */ = {isa = PBXFileReference; fileEncoding = 4; lastKnownFileType = sourcecode.c.objc; path = NestSDKWheresTests.m; sourceTree = "<group>"; };
		D7C0288A03022C5947B28EBF /* NestSDKProduct.h */ = {isa = PBXFileReference; fileEncoding = 4; lastKnownFileType = sourcecode.c.h; path = NestSDKProduct.h; sourceTree = "<group>"; };
		D7C028ABC3D9860DDB1B9AF1 /* UIColor+NestBlue.h */ = {isa = PBXFileReference; fileEncoding = 4; lastKnownFileType = sourcecode.c.h; path = "UIColor+NestBlue.h"; sourceTree = "<group>"; };
		D7C028D9BE99F7FB0334331C /* NestSDKETA.m */ = {isa = PBXFileReference; fileEncoding = 4; lastKnownFileType = sourcecode.c.objc; path = NestSDKETA.m; sourceTree = "<group>"; };
		D7C028E10139B3C67BAE80AA /* NestSDKUtils.h */ = {isa = PBXFileReference; fileEncoding = 4; lastKnownFileType = sourcecode.c.h; path = NestSDKUtils.h; sourceTree = "<group>"; };
		D7C029123AA9904E40AD1816 /* NestSDKLogger.m */ = {isa = PBXFileReference; fileEncoding = 4; lastKnownFileType = sourcecode.c.objc; path = NestSDKLogger.m; sourceTree = "<group>"; };
		D7C0295F4323A7B608FDEC77 /* NestSDKMetadata.h */ = {isa = PBXFileReference; fileEncoding = 4; lastKnownFileType = sourcecode.c.h; path = NestSDKMetadata.h; sourceTree = "<group>"; };
		D7C029EFA9AD5B3D73DB65A8 /* NestSDKRESTService.h */ = {isa = PBXFileReference; fileEncoding = 4; lastKnownFileType = sourcecode.c.h; path = NestSDKRESTService.h; sourceTree = "<group>"; };
		D7C02A36473FF37BE7C20BDA /* metadata.json */ = {isa = PBXFileReference; lastKnownFileType = text.json; path = metadata.json; sourceTree = "<group>"; };
		D7C02AB6CA762D8488652AD5 /* NestSDKFirebaseManager.h */ = {isa = PBXFileReference; fileEncoding = 4; lastKnownFileType = sourcecode.c.h; path = NestSDKFirebaseManager.h; sourceTree = "<group>"; };
		D7C02AC086B5EA6AC916A730 /* NestSDKDataManager.h */ = {isa = PBXFileReference; fileEncoding = 4; lastKnownFileType = sourcecode.c.h; path = NestSDKDataManager.h; sourceTree = "<group>"; };
		D7C02AD6AD3FE5675DEAA4A8 /* eta.json */ = {isa = PBXFileReference; lastKnownFileType = text.json; path = eta.json; sourceTree = "<group>"; };
		D7C02AE4A29F26716A573481 /* NestSDKAuthorizationManager.m */ = {isa = PBXFileReference; fileEncoding = 4; lastKnownFileType = sourcecode.c.objc; path = NestSDKAuthorizationManager.m; sourceTree = "<group>"; };
		D7C02B2BE897CE8DD0A550CD /* NestSDKService.h */ = {isa = PBXFileReference; fileEncoding = 4; lastKnownFileType = sourcecode.c.h; path = NestSDKService.h; sourceTree = "<group>"; };
		D7C02BCA9FFF19496CB0B0E6 /* thermostat.json */ = {isa = PBXFileReference; lastKnownFileType = text.json; path = thermostat.json; sourceTree = "<group>"; };
		D7C02BD2B30A85EE418B9673 /* NestSDKAccessTokenCache.h */ = {isa = PBXFileReference; fileEncoding = 4; lastKnownFileType = sourcecode.c.h; path = NestSDKAccessTokenCache.h; sourceTree = "<group>"; };
		D7C02C206732F084EA36C8C4 /* NestSDKSmokeCOAlarm.m */ = {isa = PBXFileReference; fileEncoding = 4; lastKnownFileType = sourcecode.c.objc; path = NestSDKSmokeCOAlarm.m; sourceTree = "<group>"; };
		D7C02C64FAD4C300F0B14C54 /* NestSDKDataModel.h */ = {isa = PBXFileReference; fileEncoding = 4; lastKnownFileType = sourcecode.c.h; path = NestSDKDataModel.h; sourceTree = "<group>"; };
		D7C02C78512CDB4192D83320 /* NestSDKAccessTokenCache.m */ = {isa = PBXFileReference; fileEncoding = 4; lastKnownFileType = sourcecode.c.objc; path = NestSDKAccessTokenCache.m; sourceTree = "<group>"; };
		D7C02C917F16859B5861DD35 /* device.json */ = {isa = PBXFileReference; lastKnownFileType = text.json; path = device.json; sourceTree = "<group>"; };
		D7C02CA2A9D4F9DF6CA297A4 /* NestSDKProductLocation.h */ = {isa = PBXFileReference; fileEncoding = 4; lastKnownFileType = sourcecode.c.h; path = NestSDKProductLocation.h; sourceTree = "<group>"; };
		D7C02CEF1E89B79F40042072 /* NestSDKDeviceTests.m */ = {isa = PBXFileReference; fileEncoding = 4; lastKnownFileType = sourcecode.c.objc; path = NestSDKDeviceTests.m; sourceTree = "<group>"; };
		D7C02D29C5136A59FA3C2AD8 /* NestSDKMetadata.m */ = {isa = PBXFileReference; fileEncoding = 4; lastKnownFileType = sourcecode.c.objc; path = NestSDKMetadata.m; sourceTree = "<group>"; };
		D7C02D5877EF9CB886A72B81 /* NestSDKDataManager.m */ = {isa = PBXFileReference; fileEncoding = 4; lastKnownFileType = sourcecode.c.objc; path = NestSDKDataManager.m; sourceTree = "<group>"; };
		D7C02D5B4650DFDC24DB3308 /* NestSDKFirebaseManager.m */ = {isa = PBXFileReference; fileEncoding = 4; lastKnownFileType = sourcecode.c.objc; path = NestSDKFirebaseManager.m; sourceTree = "<group>"; };
		D7C02D71EC5C20D3388C105D /* NestSDKCamera.h */ = {isa = PBXFileReference; fileEncoding = 4; lastKnownFileType = sourcecode.c.h; path = NestSDKCamera.h; sourceTree = "<group>"; };
		D7C02E07B79F532466176EED /* NestSDKConnectWithNestButton.m */ = {isa = PBXFileReference; fileEncoding = 4; lastKnownFileType = sourcecode.c.objc; path = NestSDKConnectWithNestButton.m; sourceTree = "<group>"; };
		D7C02E31F07815886D80F4D2 /* NestSDKCamera.m */ = {isa = PBXFileReference; fileEncoding = 4; lastKnownFileType = sourcecode.c.objc; path = NestSDKCamera.m; sourceTree = "<group>"; };
		D7C02E3BFF6CC73281FF6B8B /* NestSDKStructure.h */ = {isa = PBXFileReference; fileEncoding = 4; lastKnownFileType = sourcecode.c.h; path = NestSDKStructure.h; sourceTree = "<group>"; };
		D7C02E5D069C59244A559F11 /* NestSDKProductResource.h */ = {isa = PBXFileReference; fileEncoding = 4; lastKnownFileType = sourcecode.c.h; path = NestSDKProductResource.h; sourceTree = "<group>"; };
		D7C02F632C88F06CF8586798 /* NestSDKDataModel.m */ = {isa = PBXFileReference; fileEncoding = 4; lastKnownFileType = sourcecode.c.objc; path = NestSDKDataModel.m; sourceTree = "<group>"; };
		D7C02FF9783691308B1C0100 /* NestSDKStructure.m */ = {isa = PBXFileReference; fileEncoding = 4; lastKnownFileType = sourcecode.c.objc; path = NestSDKStructure.m; sourceTree = "<group>"; };
/* End PBXFileReference section */

/* Begin PBXFrameworksBuildPhase section */
		91DC3D321C3F103100A61B61 /* Frameworks */ = {
			isa = PBXFrameworksBuildPhase;
			buildActionMask = 2147483647;
			files = (
				994A46EB54FD53AA7CE1EDEF /* libPods-NestSDK.a in Frameworks */,
			);
			runOnlyForDeploymentPostprocessing = 0;
		};
		91DC3D3D1C3F103100A61B61 /* Frameworks */ = {
			isa = PBXFrameworksBuildPhase;
			buildActionMask = 2147483647;
			files = (
				91DC3D411C3F103100A61B61 /* NestSDK.framework in Frameworks */,
				57527223071378CFF0013B4E /* libPods-NestSDKTests.a in Frameworks */,
			);
			runOnlyForDeploymentPostprocessing = 0;
		};
/* End PBXFrameworksBuildPhase section */

/* Begin PBXGroup section */
		3EE72BF9BE30128ED593087A /* Pods */ = {
			isa = PBXGroup;
			children = (
				48C09388F598ADF046C53C82 /* Pods-NestSDK.debug.xcconfig */,
				1A6F820208666CB0CCA13237 /* Pods-NestSDK.release.xcconfig */,
				0B28A09C1CA9E937897F3223 /* Pods-NestSDKTests.debug.xcconfig */,
				0FD79931A7DFF01EBAD7B3BB /* Pods-NestSDKTests.release.xcconfig */,
			);
			name = Pods;
			sourceTree = "<group>";
		};
		7BBC4CBCDA2B8794182D252A /* Frameworks */ = {
			isa = PBXGroup;
			children = (
				5091C3934F818825EFCA5F61 /* libPods-NestSDK.a */,
				58AA15B9FDBA869034B97045 /* libPods-NestSDKTests.a */,
			);
			name = Frameworks;
			sourceTree = "<group>";
		};
		91DC3D2C1C3F103100A61B61 = {
			isa = PBXGroup;
			children = (
				91DC3D381C3F103100A61B61 /* NestSDK */,
				91DC3D441C3F103100A61B61 /* NestSDKTests */,
				91DC3D371C3F103100A61B61 /* Products */,
				3EE72BF9BE30128ED593087A /* Pods */,
				7BBC4CBCDA2B8794182D252A /* Frameworks */,
			);
			sourceTree = "<group>";
		};
		91DC3D371C3F103100A61B61 /* Products */ = {
			isa = PBXGroup;
			children = (
				91DC3D361C3F103100A61B61 /* NestSDK.framework */,
				91DC3D401C3F103100A61B61 /* NestSDKTests.xctest */,
			);
			name = Products;
			sourceTree = "<group>";
		};
		91DC3D381C3F103100A61B61 /* NestSDK */ = {
			isa = PBXGroup;
			children = (
				91DC3D541C3F123C00A61B61 /* NestSDKApplicationDelegate.h */,
				91DC3D551C3F123C00A61B61 /* NestSDKApplicationDelegate.m */,
				91DC3D391C3F103100A61B61 /* NestSDK.h */,
				91DC3D3B1C3F103100A61B61 /* Info.plist */,
				D7C0291B8E2F682940DA0396 /* data-models */,
				D7C0208205836B31448AE8A6 /* services */,
				D7C0205B29973C3297946FD9 /* authorization */,
				D7C029D0A8D8464A041C16B8 /* utils */,
				D7C02636EF2E01548503AEB3 /* categories */,
				D7C02C9B7C32117186F8C30D /* access-token */,
				D7C029DF9386225AEF2E99EA /* data-manager */,
				D7C024F2167BE4F9A3E75ABF /* logger */,
				D7C026BC4DB2A883F87241DB /* error */,
			);
			path = NestSDK;
			sourceTree = "<group>";
		};
		91DC3D441C3F103100A61B61 /* NestSDKTests */ = {
			isa = PBXGroup;
			children = (
				91DC3D451C3F103100A61B61 /* NestSDKTests.m */,
				91DC3D471C3F103100A61B61 /* Info.plist */,
				D7C02E0448CFD270B26877DE /* authorization */,
				D7C02FD75319301632EA8825 /* data-managers */,
				D7C02033FA3D25521865EC1A /* services */,
				D7C02E4D41FC5F439170551D /* data */,
				D7C02FCA198469DECB11E7E6 /* data-models */,
				D7C02714169BE3874C5F75CD /* utils */,
			);
			path = NestSDKTests;
			sourceTree = "<group>";
		};
		D7C02033FA3D25521865EC1A /* services */ = {
			isa = PBXGroup;
			children = (
				D7C0254218BEDB238460966B /* NestSDKFirebaseServiceTests.m */,
			);
			name = services;
			sourceTree = "<group>";
		};
		D7C0205B29973C3297946FD9 /* authorization */ = {
			isa = PBXGroup;
			children = (
				D7C022297DEC57200648225D /* NestSDKAuthorizationManagerAuthorizationResult.m */,
				D7C02598FDDD4134B47C8192 /* NestSDKAuthorizationViewController.m */,
				D7C0229F281289BBD09790C0 /* NestSDKAuthorizationViewController.h */,
				D7C0233A4580B5AD7D31F759 /* NestSDKConnectWithNestButton.h */,
				D7C02436225D3842DC259BC8 /* NestSDKAuthorizationManager.h */,
				D7C02AE4A29F26716A573481 /* NestSDKAuthorizationManager.m */,
				D7C027ACED758E98E3061DCD /* NestSDKAuthorizationManagerAuthorizationResult.h */,
				D7C02E07B79F532466176EED /* NestSDKConnectWithNestButton.m */,
			);
			name = authorization;
			sourceTree = "<group>";
		};
		D7C0208205836B31448AE8A6 /* services */ = {
			isa = PBXGroup;
			children = (
				D7C029EFA9AD5B3D73DB65A8 /* NestSDKRESTService.h */,
				D7C022B4EE034E8CBA3CD885 /* NestSDKRESTService.m */,
				D7C02AB6CA762D8488652AD5 /* NestSDKFirebaseManager.h */,
				D7C02D5B4650DFDC24DB3308 /* NestSDKFirebaseManager.m */,
				D7C02B2BE897CE8DD0A550CD /* NestSDKService.h */,
				D7C02574CF95DA524944E039 /* NestSDKFirebaseService.m */,
				D7C02771EE2D69D2496F5C3B /* NestSDKFirebaseService.h */,
			);
			name = services;
			sourceTree = "<group>";
		};
		D7C024F2167BE4F9A3E75ABF /* logger */ = {
			isa = PBXGroup;
			children = (
				D7C029123AA9904E40AD1816 /* NestSDKLogger.m */,
				D7C024F23232D2F798FD48D0 /* NestSDKLogger.h */,
			);
			name = logger;
			sourceTree = "<group>";
		};
		D7C02636EF2E01548503AEB3 /* categories */ = {
			isa = PBXGroup;
			children = (
				D7C0209852FC57CDC7137DBD /* UIColor+NestBlue.m */,
				D7C028ABC3D9860DDB1B9AF1 /* UIColor+NestBlue.h */,
			);
			name = categories;
			sourceTree = "<group>";
		};
		D7C026BC4DB2A883F87241DB /* error */ = {
			isa = PBXGroup;
			children = (
				D7C0267171E4722D23510375 /* NestSDKError.m */,
				D7C024A63079E9EBDC7C862C /* NestSDKError.h */,
			);
			name = error;
			sourceTree = "<group>";
		};
		D7C02714169BE3874C5F75CD /* utils */ = {
			isa = PBXGroup;
			children = (
				D7C02364BDEEB5AF7A52E32A /* NestSDKUtilsTests.m */,
			);
			name = utils;
			sourceTree = "<group>";
		};
		D7C0291B8E2F682940DA0396 /* data-models */ = {
			isa = PBXGroup;
			children = (
				D7C02062DF429D0467B1A9E2 /* NestSDKCameraLastEvent.m */,
				D7C02D71EC5C20D3388C105D /* NestSDKCamera.h */,
				D7C020D952578A898C84CE98 /* NestSDKCameraLastEvent.h */,
				D7C02E31F07815886D80F4D2 /* NestSDKCamera.m */,
				D7C02D29C5136A59FA3C2AD8 /* NestSDKMetadata.m */,
				D7C02454AD1A9348491AFE9C /* NestSDKDevice.h */,
				D7C023A0ED8658C998808F81 /* NestSDKDevice.m */,
				D7C0295F4323A7B608FDEC77 /* NestSDKMetadata.h */,
				D7C028D9BE99F7FB0334331C /* NestSDKETA.m */,
				D7C022F625E5DE138D16B329 /* NestSDKETA.h */,
				D7C0288A03022C5947B28EBF /* NestSDKProduct.h */,
				D7C025468FAE00EA1DDDACE4 /* NestSDKProductResource.m */,
				D7C02296F470670C3211AC8D /* NestSDKProductSoftware.m */,
				D7C0261C535FE7FCFD19F309 /* NestSDKProductLocation.m */,
				D7C02385E7A1815D0F44AA64 /* NestSDKProductIdentification.m */,
				D7C026A26A8ED1D857540089 /* NestSDKProductIdentification.h */,
				D7C0222E0913DE127EE0859F /* NestSDKProductResourceUse.m */,
				D7C021DECCDBEE1C428E6C84 /* NestSDKProductResourceUse.h */,
				D7C02CA2A9D4F9DF6CA297A4 /* NestSDKProductLocation.h */,
				D7C02E5D069C59244A559F11 /* NestSDKProductResource.h */,
				D7C0238321D484957970A20A /* NestSDKProduct.m */,
				D7C02514FCFFF86F1A2AA0DF /* NestSDKProductSoftware.h */,
				D7C02C206732F084EA36C8C4 /* NestSDKSmokeCOAlarm.m */,
				D7C02649C6182B3A56152947 /* NestSDKSmokeCOAlarm.h */,
				D7C02FF9783691308B1C0100 /* NestSDKStructure.m */,
				D7C02E3BFF6CC73281FF6B8B /* NestSDKStructure.h */,
				D7C0221CA8A18EDA70E0421A /* NestSDKThermostat.m */,
				D7C02114E20E0285BBB86095 /* NestSDKThermostat.h */,
				D7C024E96C3BE244AC866820 /* NestSDKWheres.m */,
				D7C0241F51F6A4A39C1E89A8 /* NestSDKWheres.h */,
				D7C02F632C88F06CF8586798 /* NestSDKDataModel.m */,
				D7C02C64FAD4C300F0B14C54 /* NestSDKDataModel.h */,
			);
			name = "data-models";
			sourceTree = "<group>";
		};
		D7C029D0A8D8464A041C16B8 /* utils */ = {
			isa = PBXGroup;
			children = (
				D7C028E10139B3C67BAE80AA /* NestSDKUtils.h */,
				D7C026E8605A28BE2D5FE5CD /* NestSDKUtils.m */,
			);
			name = utils;
			sourceTree = "<group>";
		};
		D7C029DF9386225AEF2E99EA /* data-manager */ = {
			isa = PBXGroup;
			children = (
				D7C02D5877EF9CB886A72B81 /* NestSDKDataManager.m */,
				D7C02AC086B5EA6AC916A730 /* NestSDKDataManager.h */,
			);
			name = "data-manager";
			sourceTree = "<group>";
		};
		D7C02C9B7C32117186F8C30D /* access-token */ = {
			isa = PBXGroup;
			children = (
				D7C02C78512CDB4192D83320 /* NestSDKAccessTokenCache.m */,
				D7C026DE0CEFA2F3ECDB762B /* NestSDKAccessToken.h */,
				D7C02745F6B884E9A4F395BE /* NestSDKAccessToken.m */,
				D7C02BD2B30A85EE418B9673 /* NestSDKAccessTokenCache.h */,
			);
			name = "access-token";
			sourceTree = "<group>";
		};
		D7C02E0448CFD270B26877DE /* authorization */ = {
			isa = PBXGroup;
			children = (
				D7C026F639A253CB066622AC /* NestSDKAuthorizationManagerTests.m */,
				D7C024FF611FC84471870A37 /* NestSDKAuthorizationManagerAuthorizationResultTests.m */,
			);
			name = authorization;
			sourceTree = "<group>";
		};
		D7C02E4D41FC5F439170551D /* data */ = {
			isa = PBXGroup;
			children = (
				D7C02A36473FF37BE7C20BDA /* metadata.json */,
				D7C0244D4119A5D79BE76B4A /* structures.json */,
				D7C02BCA9FFF19496CB0B0E6 /* thermostat.json */,
				D7C02206CEF5D892E6F1BD69 /* smoke_co_alarm.json */,
				D7C025597D569435AA661A3B /* camera.json */,
				D7C025B2520F58DEDD1DC363 /* structure.json */,
				D7C02071A8B6EC32BC624F8A /* wheres.json */,
				D7C02AD6AD3FE5675DEAA4A8 /* eta.json */,
				D7C02C917F16859B5861DD35 /* device.json */,
			);
			name = data;
			sourceTree = "<group>";
		};
		D7C02FCA198469DECB11E7E6 /* data-models */ = {
			isa = PBXGroup;
			children = (
				D7C0259F3878A31A08A3952D /* NestSDKStructureTests.m */,
				D7C028666438670034496277 /* NestSDKWheresTests.m */,
				D7C02084C9EBA7A854AE471C /* NestSDKETATests.m */,
				D7C0276207D694525CF3D027 /* NestSDKMetadataTests.m */,
				D7C02CEF1E89B79F40042072 /* NestSDKDeviceTests.m */,
			);
			name = "data-models";
			sourceTree = "<group>";
		};
		D7C02FD75319301632EA8825 /* data-managers */ = {
			isa = PBXGroup;
			children = (
				D7C02266AA9C46405A6562A8 /* NestSDKDataManagerTests.m */,
			);
			name = "data-managers";
			sourceTree = "<group>";
		};
/* End PBXGroup section */

/* Begin PBXHeadersBuildPhase section */
		91DC3D331C3F103100A61B61 /* Headers */ = {
			isa = PBXHeadersBuildPhase;
			buildActionMask = 2147483647;
			files = (
				913AF11F1C4267B50079E5CA /* NestSDKApplicationDelegate.h in Headers */,
				91DC3D3A1C3F103100A61B61 /* NestSDK.h in Headers */,
				D7C020BAD5A56DF8E690CBB6 /* NestSDKCamera.h in Headers */,
				D7C02D6AE6B32C5DAE3F3F54 /* NestSDKCameraLastEvent.h in Headers */,
				D7C02F1B97AC46C2FDF9CA5F /* NestSDKDevice.h in Headers */,
				D7C021E3DBE31DBB38D97358 /* NestSDKMetadata.h in Headers */,
				D7C0286E3778CBEE57DFF0AC /* NestSDKETA.h in Headers */,
				D7C023CF093598D10611A942 /* NestSDKProduct.h in Headers */,
				D7C021551E61DCEB5C3A83A2 /* NestSDKProductIdentification.h in Headers */,
				D7C0211068C2556254D7AA34 /* NestSDKProductResourceUse.h in Headers */,
				D7C02ADB8BB418F1E03FDE8A /* NestSDKProductLocation.h in Headers */,
				D7C026277B62D6CD5A0904E2 /* NestSDKProductResource.h in Headers */,
				D7C023B83B7CC9AADC45A249 /* NestSDKProductSoftware.h in Headers */,
				D7C0207D8EE3B09D60DCAB0E /* NestSDKSmokeCOAlarm.h in Headers */,
				D7C027622AAA7CAE1BB6D12F /* NestSDKStructure.h in Headers */,
				D7C0268F99BDEB0A54809616 /* NestSDKThermostat.h in Headers */,
				D7C0220FF5B24A30102513AA /* NestSDKWheres.h in Headers */,
				D7C027E685D5DF203210C58E /* NestSDKConnectWithNestButton.h in Headers */,
				D7C026851CE2363FD2F8E86E /* NestSDKAuthorizationManager.h in Headers */,
				D7C02911C764C5E675FD2DB3 /* NestSDKAuthorizationManagerAuthorizationResult.h in Headers */,
				D7C026600655F730C31BC80A /* NestSDKRESTService.h in Headers */,
				D7C028C8B6BF28E27AA9DE99 /* NestSDKFirebaseManager.h in Headers */,
				D7C020A403C52B2406E9C443 /* UIColor+NestBlue.h in Headers */,
				D7C0200645B252F3C2B0CBF9 /* NestSDKDataManager.h in Headers */,
				D7C02BB0BD1A9F9330C306CE /* NestSDKService.h in Headers */,
				D7C02C0EDD29D214103EAA72 /* NestSDKFirebaseService.h in Headers */,
				D7C028B37B5EFD17F00336E8 /* NestSDKAccessToken.h in Headers */,
				D7C02A953EF50284D3E0CF92 /* NestSDKDataModel.h in Headers */,
				D7C0254233E8091358B0073F /* NestSDKUtils.h in Headers */,
				D7C02E7A4623EA5CA7BFE0B4 /* NestSDKAccessTokenCache.h in Headers */,
				D7C02652A1D09F860CC4E047 /* NestSDKError.h in Headers */,
				D7C02870978E5BA55A754510 /* NestSDKLogger.h in Headers */,
			);
			runOnlyForDeploymentPostprocessing = 0;
		};
/* End PBXHeadersBuildPhase section */

/* Begin PBXNativeTarget section */
		91DC3D351C3F103100A61B61 /* NestSDK */ = {
			isa = PBXNativeTarget;
			buildConfigurationList = 91DC3D4A1C3F103100A61B61 /* Build configuration list for PBXNativeTarget "NestSDK" */;
			buildPhases = (
				E315FDC93A3A7A4E77A272BA /* Check Pods Manifest.lock */,
				91DC3D311C3F103100A61B61 /* Sources */,
				91DC3D321C3F103100A61B61 /* Frameworks */,
				91DC3D331C3F103100A61B61 /* Headers */,
				91DC3D341C3F103100A61B61 /* Resources */,
				0D960A49EC149CD11C5250E0 /* Copy Pods Resources */,
			);
			buildRules = (
			);
			dependencies = (
			);
			name = NestSDK;
			productName = NestSDK;
			productReference = 91DC3D361C3F103100A61B61 /* NestSDK.framework */;
			productType = "com.apple.product-type.framework";
		};
		91DC3D3F1C3F103100A61B61 /* NestSDKTests */ = {
			isa = PBXNativeTarget;
			buildConfigurationList = 91DC3D4D1C3F103100A61B61 /* Build configuration list for PBXNativeTarget "NestSDKTests" */;
			buildPhases = (
				CDC2806CDAFE57FF5437B5AA /* Check Pods Manifest.lock */,
				91DC3D3C1C3F103100A61B61 /* Sources */,
				91DC3D3D1C3F103100A61B61 /* Frameworks */,
				91DC3D3E1C3F103100A61B61 /* Resources */,
				17538194259EA395112FB13A /* Embed Pods Frameworks */,
				E9B286D2EFE183EC69CCEDDF /* Copy Pods Resources */,
			);
			buildRules = (
			);
			dependencies = (
				91DC3D431C3F103100A61B61 /* PBXTargetDependency */,
			);
			name = NestSDKTests;
			productName = NestSDKTests;
			productReference = 91DC3D401C3F103100A61B61 /* NestSDKTests.xctest */;
			productType = "com.apple.product-type.bundle.unit-test";
		};
/* End PBXNativeTarget section */

/* Begin PBXProject section */
		91DC3D2D1C3F103100A61B61 /* Project object */ = {
			isa = PBXProject;
			attributes = {
				LastUpgradeCheck = 0720;
				ORGANIZATIONNAME = "Petro Akzhygitov";
				TargetAttributes = {
					913AF1201C42A48B0079E5CA = {
						CreatedOnToolsVersion = 7.2;
					};
					91DC3D351C3F103100A61B61 = {
						CreatedOnToolsVersion = 7.2;
					};
					91DC3D3F1C3F103100A61B61 = {
						CreatedOnToolsVersion = 7.2;
					};
				};
			};
			buildConfigurationList = 91DC3D301C3F103100A61B61 /* Build configuration list for PBXProject "NestSDK" */;
			compatibilityVersion = "Xcode 3.2";
			developmentRegion = English;
			hasScannedForEncodings = 0;
			knownRegions = (
				en,
			);
			mainGroup = 91DC3D2C1C3F103100A61B61;
			productRefGroup = 91DC3D371C3F103100A61B61 /* Products */;
			projectDirPath = "";
			projectRoot = "";
			targets = (
				91DC3D351C3F103100A61B61 /* NestSDK */,
				91DC3D3F1C3F103100A61B61 /* NestSDKTests */,
				913AF1201C42A48B0079E5CA /* Documentation */,
			);
		};
/* End PBXProject section */

/* Begin PBXResourcesBuildPhase section */
		91DC3D341C3F103100A61B61 /* Resources */ = {
			isa = PBXResourcesBuildPhase;
			buildActionMask = 2147483647;
			files = (
			);
			runOnlyForDeploymentPostprocessing = 0;
		};
		91DC3D3E1C3F103100A61B61 /* Resources */ = {
			isa = PBXResourcesBuildPhase;
			buildActionMask = 2147483647;
			files = (
				913AF1251C445C430079E5CA /* metadata.json in Resources */,
				D7C02736B87719D145667BD8 /* structures.json in Resources */,
				D7C02160DB0C53E3FC98EE56 /* thermostat.json in Resources */,
				D7C02B917102861D17A1A5CD /* smoke_co_alarm.json in Resources */,
				D7C0276AA8B41F1A1ABEA4C6 /* camera.json in Resources */,
				D7C023C5B9AB1CC24A6444DF /* structure.json in Resources */,
				D7C026FC2C8E84005B25D8C4 /* wheres.json in Resources */,
				D7C027656FE4146351E40AFD /* eta.json in Resources */,
				D7C02923AAB02994D73D0DC0 /* device.json in Resources */,
			);
			runOnlyForDeploymentPostprocessing = 0;
		};
/* End PBXResourcesBuildPhase section */

/* Begin PBXShellScriptBuildPhase section */
		0D960A49EC149CD11C5250E0 /* Copy Pods Resources */ = {
			isa = PBXShellScriptBuildPhase;
			buildActionMask = 2147483647;
			files = (
			);
			inputPaths = (
			);
			name = "Copy Pods Resources";
			outputPaths = (
			);
			runOnlyForDeploymentPostprocessing = 0;
			shellPath = /bin/sh;
			shellScript = "\"${SRCROOT}/Pods/Target Support Files/Pods-NestSDK/Pods-NestSDK-resources.sh\"\n";
			showEnvVarsInLog = 0;
		};
		17538194259EA395112FB13A /* Embed Pods Frameworks */ = {
			isa = PBXShellScriptBuildPhase;
			buildActionMask = 2147483647;
			files = (
			);
			inputPaths = (
			);
			name = "Embed Pods Frameworks";
			outputPaths = (
			);
			runOnlyForDeploymentPostprocessing = 0;
			shellPath = /bin/sh;
			shellScript = "\"${SRCROOT}/Pods/Target Support Files/Pods-NestSDKTests/Pods-NestSDKTests-frameworks.sh\"\n";
			showEnvVarsInLog = 0;
		};
		913AF1241C42A4900079E5CA /* ShellScript */ = {
			isa = PBXShellScriptBuildPhase;
			buildActionMask = 2147483647;
			files = (
			);
			inputPaths = (
			);
			outputPaths = (
			);
			runOnlyForDeploymentPostprocessing = 0;
			shellPath = /bin/sh;
			shellScript = "#appledoc Xcode script\n# Start constants\ncompany=\"PetroAkzhygitov\";\ncompanyID=\"petroakzhygitov\";\ncompanyURL=\"http://github.com/petroakzhygitov\";\ntarget=\"iphoneos\";\n#target=\"macosx\";\noutputPath=\"${PROJECT_DIR}/../Documentation\";\nclassesToDocumentPath=\"${PROJECT_DIR}/NestSDK\";\n# End constants\n/usr/local/bin/appledoc \\\n--project-name \"${PROJECT_NAME}\" \\\n--project-company \"${company}\" \\\n--company-id \"${companyID}\" \\\n--docset-atom-filename \"${company}.atom\" \\\n--docset-feed-url \"${companyURL}/${company}/%DOCSETATOMFILENAME\" \\\n--docset-package-url \"${companyURL}/${company}/%DOCSETPACKAGEFILENAME\" \\\n--docset-fallback-url \"${companyURL}/${company}\" \\\n--output \"${outputPath}\" \\\n--publish-docset \\\n--docset-platform-family \"${target}\" \\\n--logformat xcode \\\n--keep-intermediate-files \\\n--no-repeat-first-par \\\n--no-warn-invalid-crossref \\\n--exit-threshold 2 \\\n\"${classesToDocumentPath}\"";
		};
		CDC2806CDAFE57FF5437B5AA /* Check Pods Manifest.lock */ = {
			isa = PBXShellScriptBuildPhase;
			buildActionMask = 2147483647;
			files = (
			);
			inputPaths = (
			);
			name = "Check Pods Manifest.lock";
			outputPaths = (
			);
			runOnlyForDeploymentPostprocessing = 0;
			shellPath = /bin/sh;
			shellScript = "diff \"${PODS_ROOT}/../Podfile.lock\" \"${PODS_ROOT}/Manifest.lock\" > /dev/null\nif [[ $? != 0 ]] ; then\n    cat << EOM\nerror: The sandbox is not in sync with the Podfile.lock. Run 'pod install' or update your CocoaPods installation.\nEOM\n    exit 1\nfi\n";
			showEnvVarsInLog = 0;
		};
		E315FDC93A3A7A4E77A272BA /* Check Pods Manifest.lock */ = {
			isa = PBXShellScriptBuildPhase;
			buildActionMask = 2147483647;
			files = (
			);
			inputPaths = (
			);
			name = "Check Pods Manifest.lock";
			outputPaths = (
			);
			runOnlyForDeploymentPostprocessing = 0;
			shellPath = /bin/sh;
			shellScript = "diff \"${PODS_ROOT}/../Podfile.lock\" \"${PODS_ROOT}/Manifest.lock\" > /dev/null\nif [[ $? != 0 ]] ; then\n    cat << EOM\nerror: The sandbox is not in sync with the Podfile.lock. Run 'pod install' or update your CocoaPods installation.\nEOM\n    exit 1\nfi\n";
			showEnvVarsInLog = 0;
		};
		E9B286D2EFE183EC69CCEDDF /* Copy Pods Resources */ = {
			isa = PBXShellScriptBuildPhase;
			buildActionMask = 2147483647;
			files = (
			);
			inputPaths = (
			);
			name = "Copy Pods Resources";
			outputPaths = (
			);
			runOnlyForDeploymentPostprocessing = 0;
			shellPath = /bin/sh;
			shellScript = "\"${SRCROOT}/Pods/Target Support Files/Pods-NestSDKTests/Pods-NestSDKTests-resources.sh\"\n";
			showEnvVarsInLog = 0;
		};
/* End PBXShellScriptBuildPhase section */

/* Begin PBXSourcesBuildPhase section */
		91DC3D311C3F103100A61B61 /* Sources */ = {
			isa = PBXSourcesBuildPhase;
			buildActionMask = 2147483647;
			files = (
				91DC3D711C3F123C00A61B61 /* NestSDKApplicationDelegate.m in Sources */,
				D7C02453577775B38E87113C /* NestSDKCameraLastEvent.m in Sources */,
				D7C02B518248341F67B519B0 /* NestSDKCamera.m in Sources */,
				D7C026A03073A4FAE904F1BB /* NestSDKMetadata.m in Sources */,
				D7C02E029723E67FC9ACEF6E /* NestSDKDevice.m in Sources */,
				D7C0251DC02F6E3EDDD67A4A /* NestSDKETA.m in Sources */,
				D7C02530A855F8E2DCEA11BA /* NestSDKProductResource.m in Sources */,
				D7C026E7C76CC70C4882134A /* NestSDKProductSoftware.m in Sources */,
				D7C02D5E6A65F126CE0CD2FC /* NestSDKProductLocation.m in Sources */,
				D7C0226A48869F98DD8C9139 /* NestSDKProductIdentification.m in Sources */,
				D7C02217D3BD26A65143B6CF /* NestSDKProductResourceUse.m in Sources */,
				D7C0287B44E5BD6BD1BC3377 /* NestSDKProduct.m in Sources */,
				D7C02FCA4421269BCF0FE722 /* NestSDKSmokeCOAlarm.m in Sources */,
				D7C0258702090EA4573F3221 /* NestSDKStructure.m in Sources */,
				D7C02F5F79AEBD34A128E436 /* NestSDKThermostat.m in Sources */,
				D7C023ADD782EA5D3340FA5C /* NestSDKWheres.m in Sources */,
				D7C020B6AD0F9822ED4A3802 /* NestSDKAuthorizationManagerAuthorizationResult.m in Sources */,
				D7C02ECD338961CA805E4A13 /* NestSDKAuthorizationViewController.m in Sources */,
				D7C021735D90A7AFA8E4E3CD /* NestSDKAuthorizationManager.m in Sources */,
				D7C02EAF5E5B898E8945C9D5 /* NestSDKConnectWithNestButton.m in Sources */,
				D7C023EC3DF8E4817CCCDDF0 /* NestSDKRESTService.m in Sources */,
				D7C02695AB4EB2F79F7A4256 /* NestSDKFirebaseManager.m in Sources */,
				D7C022538D148AB5DADBB021 /* UIColor+NestBlue.m in Sources */,
				D7C02BADDFC591F9C3C845FD /* NestSDKUtils.m in Sources */,
				D7C027ACCA85BDBA5A04DCBD /* NestSDKAccessTokenCache.m in Sources */,
				D7C02B4A98D390AF641F4B52 /* NestSDKAccessToken.m in Sources */,
				D7C02CB2A86673E51C92BDB6 /* NestSDKDataManager.m in Sources */,
				D7C0202973191B1CCD917EF8 /* NestSDKFirebaseService.m in Sources */,
				D7C0245BB92D7A8E2361E17C /* NestSDKError.m in Sources */,
				D7C022532DF353D366014757 /* NestSDKLogger.m in Sources */,
				D7C0269040F744AFAF0E91C5 /* NestSDKDataModel.m in Sources */,
			);
			runOnlyForDeploymentPostprocessing = 0;
		};
		91DC3D3C1C3F103100A61B61 /* Sources */ = {
			isa = PBXSourcesBuildPhase;
			buildActionMask = 2147483647;
			files = (
				91DC3D461C3F103100A61B61 /* NestSDKTests.m in Sources */,
				D7C021844EFFA3BAAE4851BF /* NestSDKAuthorizationManagerTests.m in Sources */,
				D7C0227322937C59ACD8B157 /* NestSDKAuthorizationManagerAuthorizationResultTests.m in Sources */,
				D7C02BE6AAE8376C91BA65A2 /* NestSDKDataManagerTests.m in Sources */,
				D7C0289CB6AA597A287EAF5A /* NestSDKFirebaseServiceTests.m in Sources */,
				D7C026A0946DC23FF9E9A92F /* NestSDKStructureTests.m in Sources */,
				D7C02EF291ABDBE169297807 /* NestSDKUtilsTests.m in Sources */,
				D7C02E511AC20042EE86A417 /* NestSDKWheresTests.m in Sources */,
				D7C02A71F2C7094895D73250 /* NestSDKETATests.m in Sources */,
				D7C02A824799D6445E19AC4A /* NestSDKMetadataTests.m in Sources */,
				D7C02ECDA6887CA05EFDC628 /* NestSDKDeviceTests.m in Sources */,
			);
			runOnlyForDeploymentPostprocessing = 0;
		};
/* End PBXSourcesBuildPhase section */

/* Begin PBXTargetDependency section */
		91DC3D431C3F103100A61B61 /* PBXTargetDependency */ = {
			isa = PBXTargetDependency;
			target = 91DC3D351C3F103100A61B61 /* NestSDK */;
			targetProxy = 91DC3D421C3F103100A61B61 /* PBXContainerItemProxy */;
		};
/* End PBXTargetDependency section */

/* Begin XCBuildConfiguration section */
		913AF1211C42A48C0079E5CA /* Debug */ = {
			isa = XCBuildConfiguration;
			buildSettings = {
				PRODUCT_NAME = "$(TARGET_NAME)";
			};
			name = Debug;
		};
		913AF1221C42A48C0079E5CA /* Release */ = {
			isa = XCBuildConfiguration;
			buildSettings = {
				PRODUCT_NAME = "$(TARGET_NAME)";
			};
			name = Release;
		};
		91DC3D481C3F103100A61B61 /* Debug */ = {
			isa = XCBuildConfiguration;
			buildSettings = {
				ALWAYS_SEARCH_USER_PATHS = NO;
				CLANG_CXX_LANGUAGE_STANDARD = "gnu++0x";
				CLANG_CXX_LIBRARY = "libc++";
				CLANG_ENABLE_MODULES = YES;
				CLANG_ENABLE_OBJC_ARC = YES;
				CLANG_WARN_BOOL_CONVERSION = YES;
				CLANG_WARN_CONSTANT_CONVERSION = YES;
				CLANG_WARN_DIRECT_OBJC_ISA_USAGE = YES_ERROR;
				CLANG_WARN_EMPTY_BODY = YES;
				CLANG_WARN_ENUM_CONVERSION = YES;
				CLANG_WARN_INT_CONVERSION = YES;
				CLANG_WARN_OBJC_ROOT_CLASS = YES_ERROR;
				CLANG_WARN_UNREACHABLE_CODE = YES;
				CLANG_WARN__DUPLICATE_METHOD_MATCH = YES;
				"CODE_SIGN_IDENTITY[sdk=iphoneos*]" = "iPhone Developer";
				COPY_PHASE_STRIP = NO;
				CURRENT_PROJECT_VERSION = 1;
				DEBUG_INFORMATION_FORMAT = dwarf;
				ENABLE_STRICT_OBJC_MSGSEND = YES;
				ENABLE_TESTABILITY = YES;
				GCC_C_LANGUAGE_STANDARD = gnu99;
				GCC_DYNAMIC_NO_PIC = NO;
				GCC_NO_COMMON_BLOCKS = YES;
				GCC_OPTIMIZATION_LEVEL = 0;
				GCC_PREPROCESSOR_DEFINITIONS = (
					"DEBUG=1",
					"$(inherited)",
				);
				GCC_WARN_64_TO_32_BIT_CONVERSION = YES;
				GCC_WARN_ABOUT_RETURN_TYPE = YES_ERROR;
				GCC_WARN_UNDECLARED_SELECTOR = YES;
				GCC_WARN_UNINITIALIZED_AUTOS = YES_AGGRESSIVE;
				GCC_WARN_UNUSED_FUNCTION = YES;
				GCC_WARN_UNUSED_VARIABLE = YES;
				IPHONEOS_DEPLOYMENT_TARGET = 9.2;
				MTL_ENABLE_DEBUG_INFO = YES;
				ONLY_ACTIVE_ARCH = YES;
				SDKROOT = iphoneos;
				TARGETED_DEVICE_FAMILY = "1,2";
				VERSIONING_SYSTEM = "apple-generic";
				VERSION_INFO_PREFIX = "";
			};
			name = Debug;
		};
		91DC3D491C3F103100A61B61 /* Release */ = {
			isa = XCBuildConfiguration;
			buildSettings = {
				ALWAYS_SEARCH_USER_PATHS = NO;
				CLANG_CXX_LANGUAGE_STANDARD = "gnu++0x";
				CLANG_CXX_LIBRARY = "libc++";
				CLANG_ENABLE_MODULES = YES;
				CLANG_ENABLE_OBJC_ARC = YES;
				CLANG_WARN_BOOL_CONVERSION = YES;
				CLANG_WARN_CONSTANT_CONVERSION = YES;
				CLANG_WARN_DIRECT_OBJC_ISA_USAGE = YES_ERROR;
				CLANG_WARN_EMPTY_BODY = YES;
				CLANG_WARN_ENUM_CONVERSION = YES;
				CLANG_WARN_INT_CONVERSION = YES;
				CLANG_WARN_OBJC_ROOT_CLASS = YES_ERROR;
				CLANG_WARN_UNREACHABLE_CODE = YES;
				CLANG_WARN__DUPLICATE_METHOD_MATCH = YES;
				"CODE_SIGN_IDENTITY[sdk=iphoneos*]" = "iPhone Developer";
				COPY_PHASE_STRIP = NO;
				CURRENT_PROJECT_VERSION = 1;
				DEBUG_INFORMATION_FORMAT = "dwarf-with-dsym";
				ENABLE_NS_ASSERTIONS = NO;
				ENABLE_STRICT_OBJC_MSGSEND = YES;
				GCC_C_LANGUAGE_STANDARD = gnu99;
				GCC_NO_COMMON_BLOCKS = YES;
				GCC_WARN_64_TO_32_BIT_CONVERSION = YES;
				GCC_WARN_ABOUT_RETURN_TYPE = YES_ERROR;
				GCC_WARN_UNDECLARED_SELECTOR = YES;
				GCC_WARN_UNINITIALIZED_AUTOS = YES_AGGRESSIVE;
				GCC_WARN_UNUSED_FUNCTION = YES;
				GCC_WARN_UNUSED_VARIABLE = YES;
				IPHONEOS_DEPLOYMENT_TARGET = 9.2;
				MTL_ENABLE_DEBUG_INFO = NO;
				SDKROOT = iphoneos;
				TARGETED_DEVICE_FAMILY = "1,2";
				VALIDATE_PRODUCT = YES;
				VERSIONING_SYSTEM = "apple-generic";
				VERSION_INFO_PREFIX = "";
			};
			name = Release;
		};
		91DC3D4B1C3F103100A61B61 /* Debug */ = {
			isa = XCBuildConfiguration;
			baseConfigurationReference = 48C09388F598ADF046C53C82 /* Pods-NestSDK.debug.xcconfig */;
			buildSettings = {
				ALWAYS_SEARCH_USER_PATHS = YES;
				DEFINES_MODULE = YES;
				DYLIB_COMPATIBILITY_VERSION = 1;
				DYLIB_CURRENT_VERSION = 1;
				DYLIB_INSTALL_NAME_BASE = "@rpath";
				FRAMEWORK_SEARCH_PATHS = (
					"$(inherited)/**",
					"\"${PODS_ROOT}/Headers/Public/Firebase\"",
				);
				INFOPLIST_FILE = NestSDK/Info.plist;
				INSTALL_PATH = "$(LOCAL_LIBRARY_DIR)/Frameworks";
				LD_RUNPATH_SEARCH_PATHS = "$(inherited) @executable_path/Frameworks @loader_path/Frameworks";
				LIBRARY_SEARCH_PATHS = "";
				PRODUCT_BUNDLE_IDENTIFIER = NestSDK;
				PRODUCT_NAME = "$(TARGET_NAME)";
				SKIP_INSTALL = YES;
			};
			name = Debug;
		};
		91DC3D4C1C3F103100A61B61 /* Release */ = {
			isa = XCBuildConfiguration;
			baseConfigurationReference = 1A6F820208666CB0CCA13237 /* Pods-NestSDK.release.xcconfig */;
			buildSettings = {
				ALWAYS_SEARCH_USER_PATHS = YES;
				DEFINES_MODULE = YES;
				DYLIB_COMPATIBILITY_VERSION = 1;
				DYLIB_CURRENT_VERSION = 1;
				DYLIB_INSTALL_NAME_BASE = "@rpath";
				FRAMEWORK_SEARCH_PATHS = (
					"$(inherited)/**",
					"\"${PODS_ROOT}/Headers/Public/Firebase\"",
				);
				INFOPLIST_FILE = NestSDK/Info.plist;
				INSTALL_PATH = "$(LOCAL_LIBRARY_DIR)/Frameworks";
				LD_RUNPATH_SEARCH_PATHS = "$(inherited) @executable_path/Frameworks @loader_path/Frameworks";
				LIBRARY_SEARCH_PATHS = "";
				PRODUCT_BUNDLE_IDENTIFIER = NestSDK;
				PRODUCT_NAME = "$(TARGET_NAME)";
				SKIP_INSTALL = YES;
			};
			name = Release;
		};
		91DC3D4E1C3F103100A61B61 /* Debug */ = {
			isa = XCBuildConfiguration;
			baseConfigurationReference = 0B28A09C1CA9E937897F3223 /* Pods-NestSDKTests.debug.xcconfig */;
			buildSettings = {
				CLANG_ALLOW_NON_MODULAR_INCLUDES_IN_FRAMEWORK_MODULES = YES;
				FRAMEWORK_SEARCH_PATHS = (
					"$(inherited)",
					"$(DEVELOPER_FRAMEWORKS_DIR)",
					"\"$(PLATFORM_DIR)/Developer/Library/Frameworks\"",
					"\"$(DEVELOPER_DIR)/Platforms/iPhoneSimulator.platform/Developer/Library/Frameworks\"",
					"\"$(PODS_ROOT)/Firebase\"",
				);
				INFOPLIST_FILE = NestSDKTests/Info.plist;
				LD_RUNPATH_SEARCH_PATHS = "$(inherited) @executable_path/Frameworks @loader_path/Frameworks";
				PRODUCT_BUNDLE_IDENTIFIER = PAK.NestSDKTests;
				PRODUCT_NAME = "$(TARGET_NAME)";
				USER_HEADER_SEARCH_PATHS = "\"${PROJECT_DIR}/Pods\"/** \"${PROJECT_DIR}/Pods\"/**";
			};
			name = Debug;
		};
		91DC3D4F1C3F103100A61B61 /* Release */ = {
			isa = XCBuildConfiguration;
			baseConfigurationReference = 0FD79931A7DFF01EBAD7B3BB /* Pods-NestSDKTests.release.xcconfig */;
			buildSettings = {
				CLANG_ALLOW_NON_MODULAR_INCLUDES_IN_FRAMEWORK_MODULES = YES;
				FRAMEWORK_SEARCH_PATHS = (
					"$(inherited)",
					"$(DEVELOPER_FRAMEWORKS_DIR)",
					"\"$(PLATFORM_DIR)/Developer/Library/Frameworks\"",
					"\"$(DEVELOPER_DIR)/Platforms/iPhoneSimulator.platform/Developer/Library/Frameworks\"",
					"\"$(PODS_ROOT)/Firebase\"",
				);
				INFOPLIST_FILE = NestSDKTests/Info.plist;
				LD_RUNPATH_SEARCH_PATHS = "$(inherited) @executable_path/Frameworks @loader_path/Frameworks";
				PRODUCT_BUNDLE_IDENTIFIER = PAK.NestSDKTests;
				PRODUCT_NAME = "$(TARGET_NAME)";
				USER_HEADER_SEARCH_PATHS = "\"${PROJECT_DIR}/Pods\"/** \"${PROJECT_DIR}/Pods\"/**";
			};
			name = Release;
		};
/* End XCBuildConfiguration section */

/* Begin XCConfigurationList section */
		913AF1231C42A48C0079E5CA /* Build configuration list for PBXAggregateTarget "Documentation" */ = {
			isa = XCConfigurationList;
			buildConfigurations = (
				913AF1211C42A48C0079E5CA /* Debug */,
				913AF1221C42A48C0079E5CA /* Release */,
			);
			defaultConfigurationIsVisible = 0;
			defaultConfigurationName = Release;
		};
		91DC3D301C3F103100A61B61 /* Build configuration list for PBXProject "NestSDK" */ = {
			isa = XCConfigurationList;
			buildConfigurations = (
				91DC3D481C3F103100A61B61 /* Debug */,
				91DC3D491C3F103100A61B61 /* Release */,
			);
			defaultConfigurationIsVisible = 0;
			defaultConfigurationName = Release;
		};
		91DC3D4A1C3F103100A61B61 /* Build configuration list for PBXNativeTarget "NestSDK" */ = {
			isa = XCConfigurationList;
			buildConfigurations = (
				91DC3D4B1C3F103100A61B61 /* Debug */,
				91DC3D4C1C3F103100A61B61 /* Release */,
			);
			defaultConfigurationIsVisible = 0;
			defaultConfigurationName = Release;
		};
		91DC3D4D1C3F103100A61B61 /* Build configuration list for PBXNativeTarget "NestSDKTests" */ = {
			isa = XCConfigurationList;
			buildConfigurations = (
				91DC3D4E1C3F103100A61B61 /* Debug */,
				91DC3D4F1C3F103100A61B61 /* Release */,
			);
			defaultConfigurationIsVisible = 0;
			defaultConfigurationName = Release;
		};
/* End XCConfigurationList section */
	};
	rootObject = 91DC3D2D1C3F103100A61B61 /* Project object */;
}
