// !$*UTF8*$!
{
	archiveVersion = 1;
	classes = {
	};
	objectVersion = 46;
	objects = {

/* Begin PBXBuildFile section */
		91DC3D3A1C3F103100A61B61 /* NestSDK.h in Headers */ = {isa = PBXBuildFile; fileRef = 91DC3D391C3F103100A61B61 /* NestSDK.h */; settings = {ATTRIBUTES = (Public, ); }; };
		91DC3D411C3F103100A61B61 /* NestSDK.framework in Frameworks */ = {isa = PBXBuildFile; fileRef = 91DC3D361C3F103100A61B61 /* NestSDK.framework */; };
		91DC3D461C3F103100A61B61 /* NestSDKTests.m in Sources */ = {isa = PBXBuildFile; fileRef = 91DC3D451C3F103100A61B61 /* NestSDKTests.m */; };
		91DC3D6D1C3F123C00A61B61 /* NestSDKAccessToken.m in Sources */ = {isa = PBXBuildFile; fileRef = 91DC3D511C3F123C00A61B61 /* NestSDKAccessToken.m */; };
		91DC3D6E1C3F123C00A61B61 /* NestSDKAccessTokenCache.h in Headers */ = {isa = PBXBuildFile; fileRef = 91DC3D521C3F123C00A61B61 /* NestSDKAccessTokenCache.h */; };
		91DC3D6F1C3F123C00A61B61 /* NestSDKAccessTokenCache.m in Sources */ = {isa = PBXBuildFile; fileRef = 91DC3D531C3F123C00A61B61 /* NestSDKAccessTokenCache.m */; };
		91DC3D711C3F123C00A61B61 /* NestSDKApplicationDelegate.m in Sources */ = {isa = PBXBuildFile; fileRef = 91DC3D551C3F123C00A61B61 /* NestSDKApplicationDelegate.m */; };
		91DC3D721C3F123C00A61B61 /* NestSDKAuthorizationManager.h in Headers */ = {isa = PBXBuildFile; fileRef = 91DC3D561C3F123C00A61B61 /* NestSDKAuthorizationManager.h */; };
		91DC3D731C3F123C00A61B61 /* NestSDKAuthorizationManager.m in Sources */ = {isa = PBXBuildFile; fileRef = 91DC3D571C3F123C00A61B61 /* NestSDKAuthorizationManager.m */; };
		91DC3D741C3F123C00A61B61 /* NestSDKAuthorizationManagerAuthorizationResult.h in Headers */ = {isa = PBXBuildFile; fileRef = 91DC3D581C3F123C00A61B61 /* NestSDKAuthorizationManagerAuthorizationResult.h */; };
		91DC3D751C3F123C00A61B61 /* NestSDKAuthorizationManagerAuthorizationResult.m in Sources */ = {isa = PBXBuildFile; fileRef = 91DC3D591C3F123C00A61B61 /* NestSDKAuthorizationManagerAuthorizationResult.m */; };
		91DC3D771C3F123C00A61B61 /* NestSDKAuthorizationViewController.m in Sources */ = {isa = PBXBuildFile; fileRef = 91DC3D5B1C3F123C00A61B61 /* NestSDKAuthorizationViewController.m */; };
		91DC3D781C3F123C00A61B61 /* NestSDKFirebaseManager.h in Headers */ = {isa = PBXBuildFile; fileRef = 91DC3D5C1C3F123C00A61B61 /* NestSDKFirebaseManager.h */; };
		91DC3D791C3F123C00A61B61 /* NestSDKFirebaseManager.m in Sources */ = {isa = PBXBuildFile; fileRef = 91DC3D5D1C3F123C00A61B61 /* NestSDKFirebaseManager.m */; };
		91DC3D7A1C3F123C00A61B61 /* NestSDKRESTService.h in Headers */ = {isa = PBXBuildFile; fileRef = 91DC3D5E1C3F123C00A61B61 /* NestSDKRESTService.h */; };
		91DC3D7B1C3F123C00A61B61 /* NestSDKRESTService.m in Sources */ = {isa = PBXBuildFile; fileRef = 91DC3D5F1C3F123C00A61B61 /* NestSDKRESTService.m */; };
		91DC3D801C3F123C00A61B61 /* NestSDKStructuresManager.h in Headers */ = {isa = PBXBuildFile; fileRef = 91DC3D641C3F123C00A61B61 /* NestSDKStructuresManager.h */; };
		91DC3D811C3F123C00A61B61 /* NestSDKStructuresManager.m in Sources */ = {isa = PBXBuildFile; fileRef = 91DC3D651C3F123C00A61B61 /* NestSDKStructuresManager.m */; };
		91DC3D861C3F123C00A61B61 /* UIColor+NestBlue.h in Headers */ = {isa = PBXBuildFile; fileRef = 91DC3D6A1C3F123C00A61B61 /* UIColor+NestBlue.h */; };
		91DC3D871C3F123C00A61B61 /* UIColor+NestBlue.m in Sources */ = {isa = PBXBuildFile; fileRef = 91DC3D6B1C3F123C00A61B61 /* UIColor+NestBlue.m */; };
		994A46EB54FD53AA7CE1EDEF /* libPods-NestSDK.a in Frameworks */ = {isa = PBXBuildFile; fileRef = 5091C3934F818825EFCA5F61 /* libPods-NestSDK.a */; };
		D7C02325C8F7986614CE8827 /* NestSDKWheres.m in Sources */ = {isa = PBXBuildFile; fileRef = D7C02D0F18DD3FD396828F61 /* NestSDKWheres.m */; };
		D7C0232D2012ACD74D6DCAE2 /* NestSDKProductLocation.m in Sources */ = {isa = PBXBuildFile; fileRef = D7C02747DDF8A75F6D5F6D70 /* NestSDKProductLocation.m */; };
		D7C0236CCCDF4DF1527ADEE8 /* NestSDKProductIdentification.h in Headers */ = {isa = PBXBuildFile; fileRef = D7C02EDADF5FA67E76E6E2CF /* NestSDKProductIdentification.h */; };
		D7C0247D5F2E3114D4D871B0 /* NestSDKETA.h in Headers */ = {isa = PBXBuildFile; fileRef = D7C02E3DC417F0F5F76C30A9 /* NestSDKETA.h */; };
		D7C024BCF1130AD17F628700 /* NestSDKUtils.m in Sources */ = {isa = PBXBuildFile; fileRef = D7C02B32A358CA9D25F58D54 /* NestSDKUtils.m */; };
		D7C024E0E25B469566946680 /* NestSDKThermostat.m in Sources */ = {isa = PBXBuildFile; fileRef = D7C022971857DCFE589BA7E6 /* NestSDKThermostat.m */; };
		D7C02562AB214294EB485450 /* NestSDKProductResourceUse.m in Sources */ = {isa = PBXBuildFile; fileRef = D7C0208EB8B0FDE437D3EF7D /* NestSDKProductResourceUse.m */; };
		D7C02565373C05227C18B3D1 /* NestSDKDevice.h in Headers */ = {isa = PBXBuildFile; fileRef = D7C022FF62BBD9B31294A906 /* NestSDKDevice.h */; };
		D7C025BB6821343E80E6DA6C /* NestSDKThermostat.h in Headers */ = {isa = PBXBuildFile; fileRef = D7C022597D42C8B526FFF49F /* NestSDKThermostat.h */; };
		D7C0265BBBCE80C931F965E1 /* NestSDKProductIdentification.m in Sources */ = {isa = PBXBuildFile; fileRef = D7C02FF90040AADEB146F4D0 /* NestSDKProductIdentification.m */; };
		D7C026A7AF44A49A75391B2E /* NestSDKMetaData.m in Sources */ = {isa = PBXBuildFile; fileRef = D7C025D276F6EFE2839F618B /* NestSDKMetaData.m */; };
		D7C026EB724442C95A7D601A /* NestSDKCamera.h in Headers */ = {isa = PBXBuildFile; fileRef = D7C02E8BDD190B6C7FACEC77 /* NestSDKCamera.h */; };
		D7C027775FF548E68A9F8833 /* NestSDKCameraLastEvent.h in Headers */ = {isa = PBXBuildFile; fileRef = D7C02309055E02ABBF146EFE /* NestSDKCameraLastEvent.h */; };
		D7C02785A2D70F954C4A49CB /* NestSDKSmokeCOAlarm.m in Sources */ = {isa = PBXBuildFile; fileRef = D7C02E6FB801B131027C6CB6 /* NestSDKSmokeCOAlarm.m */; };
		D7C027C2C86F428022036E5C /* NestSDKConnectWithNestButton.m in Sources */ = {isa = PBXBuildFile; fileRef = D7C02BEA8EBF18A68122BB3A /* NestSDKConnectWithNestButton.m */; };
		D7C028140CEAEA1F65B34B00 /* NestSDKProductSoftware.h in Headers */ = {isa = PBXBuildFile; fileRef = D7C02D30299383253E2A994B /* NestSDKProductSoftware.h */; };
		D7C0287F4D4B11CCC44DC2BA /* NestSDKETA.m in Sources */ = {isa = PBXBuildFile; fileRef = D7C02129ADBFF954696C254D /* NestSDKETA.m */; };
		D7C02886DEC4E4F7DAB48CB7 /* NestSDKProductResource.h in Headers */ = {isa = PBXBuildFile; fileRef = D7C023255470BDBC6748098C /* NestSDKProductResource.h */; };
		D7C02890EC80CA04AFDCC6D5 /* NestSDKProductSoftware.m in Sources */ = {isa = PBXBuildFile; fileRef = D7C02B9F6F625B709AA0D124 /* NestSDKProductSoftware.m */; };
		D7C0289C37BDA45698615A6B /* NestSDKProductResourceUse.h in Headers */ = {isa = PBXBuildFile; fileRef = D7C0287E07B95F53304B0313 /* NestSDKProductResourceUse.h */; };
		D7C028EF07CCDA110577E276 /* NestSDKDevicesManager.h in Headers */ = {isa = PBXBuildFile; fileRef = D7C02285C727B2FD873C60E3 /* NestSDKDevicesManager.h */; };
		D7C02A279EC62F9E2FC7F35D /* NestSDKProductLocation.h in Headers */ = {isa = PBXBuildFile; fileRef = D7C022A8ADF8DF41D88763D4 /* NestSDKProductLocation.h */; };
		D7C02A9485666ACFA1C1A14C /* NestSDKCameraLastEvent.m in Sources */ = {isa = PBXBuildFile; fileRef = D7C028F6360331D84A075F22 /* NestSDKCameraLastEvent.m */; };
		D7C02ABBFF61B2F9081E7EE8 /* NestSDKProductResource.m in Sources */ = {isa = PBXBuildFile; fileRef = D7C028242D19B397B505A67D /* NestSDKProductResource.m */; };
		D7C02ABC310FB7F5E42E77E4 /* NestSDKStructure.m in Sources */ = {isa = PBXBuildFile; fileRef = D7C0246A921F0424014FBB0F /* NestSDKStructure.m */; };
		D7C02AC8777FE48E9593AB32 /* NestSDKWheres.h in Headers */ = {isa = PBXBuildFile; fileRef = D7C02755F9D8267240F66E8A /* NestSDKWheres.h */; };
		D7C02B8A238B1947F806681F /* NestSDKMetaData.h in Headers */ = {isa = PBXBuildFile; fileRef = D7C023ED86B3E0E02DEF40D0 /* NestSDKMetaData.h */; };
		D7C02BFFAF79E20B1F9D20F8 /* NestSDKCamera.m in Sources */ = {isa = PBXBuildFile; fileRef = D7C025028460BB3AD23848E4 /* NestSDKCamera.m */; };
		D7C02C3242EB2D928CC97A76 /* NestSDKConnectWithNestButton.h in Headers */ = {isa = PBXBuildFile; fileRef = D7C02E18DA784D90ECA1FB79 /* NestSDKConnectWithNestButton.h */; };
		D7C02CFC18A08830A3CF0D06 /* NestSDKUtils.h in Headers */ = {isa = PBXBuildFile; fileRef = D7C02144FD1AA40E0A0682C1 /* NestSDKUtils.h */; };
		D7C02D68E51C843DAA4369B8 /* NestSDKProduct.h in Headers */ = {isa = PBXBuildFile; fileRef = D7C029002CCA7DCD3492C9B1 /* NestSDKProduct.h */; };
		D7C02EC911FB698624AF0420 /* NestSDKSmokeCOAlarm.h in Headers */ = {isa = PBXBuildFile; fileRef = D7C02A1FEE960565B996AAE9 /* NestSDKSmokeCOAlarm.h */; };
		D7C02EE77E92887751AEFE25 /* NestSDKProduct.m in Sources */ = {isa = PBXBuildFile; fileRef = D7C02914855A1C58E81CE666 /* NestSDKProduct.m */; };
		D7C02F0D1BAFEA0D12A1C737 /* NestSDKDevicesManager.m in Sources */ = {isa = PBXBuildFile; fileRef = D7C029C094EABEE142278517 /* NestSDKDevicesManager.m */; };
		D7C02F131393A410D13C7F7C /* NestSDKStructure.h in Headers */ = {isa = PBXBuildFile; fileRef = D7C028E669A1A0785F89C6A5 /* NestSDKStructure.h */; };
		D7C02F7E34414E1F306EC98D /* NestSDKDevice.m in Sources */ = {isa = PBXBuildFile; fileRef = D7C02CB9462B1D8331EDC35C /* NestSDKDevice.m */; };
/* End PBXBuildFile section */

/* Begin PBXContainerItemProxy section */
		91DC3D421C3F103100A61B61 /* PBXContainerItemProxy */ = {
			isa = PBXContainerItemProxy;
			containerPortal = 91DC3D2D1C3F103100A61B61 /* Project object */;
			proxyType = 1;
			remoteGlobalIDString = 91DC3D351C3F103100A61B61;
			remoteInfo = NestSDK;
		};
/* End PBXContainerItemProxy section */

/* Begin PBXFileReference section */
		1A6F820208666CB0CCA13237 /* Pods-NestSDK.release.xcconfig */ = {isa = PBXFileReference; includeInIndex = 1; lastKnownFileType = text.xcconfig; name = "Pods-NestSDK.release.xcconfig"; path = "Pods/Target Support Files/Pods-NestSDK/Pods-NestSDK.release.xcconfig"; sourceTree = "<group>"; };
		48C09388F598ADF046C53C82 /* Pods-NestSDK.debug.xcconfig */ = {isa = PBXFileReference; includeInIndex = 1; lastKnownFileType = text.xcconfig; name = "Pods-NestSDK.debug.xcconfig"; path = "Pods/Target Support Files/Pods-NestSDK/Pods-NestSDK.debug.xcconfig"; sourceTree = "<group>"; };
		5091C3934F818825EFCA5F61 /* libPods-NestSDK.a */ = {isa = PBXFileReference; explicitFileType = archive.ar; includeInIndex = 0; path = "libPods-NestSDK.a"; sourceTree = BUILT_PRODUCTS_DIR; };
		91DC3D361C3F103100A61B61 /* NestSDK.framework */ = {isa = PBXFileReference; explicitFileType = wrapper.framework; includeInIndex = 0; path = NestSDK.framework; sourceTree = BUILT_PRODUCTS_DIR; };
		91DC3D391C3F103100A61B61 /* NestSDK.h */ = {isa = PBXFileReference; lastKnownFileType = sourcecode.c.h; path = NestSDK.h; sourceTree = "<group>"; };
		91DC3D3B1C3F103100A61B61 /* Info.plist */ = {isa = PBXFileReference; lastKnownFileType = text.plist.xml; path = Info.plist; sourceTree = "<group>"; };
		91DC3D401C3F103100A61B61 /* NestSDKTests.xctest */ = {isa = PBXFileReference; explicitFileType = wrapper.cfbundle; includeInIndex = 0; path = NestSDKTests.xctest; sourceTree = BUILT_PRODUCTS_DIR; };
		91DC3D451C3F103100A61B61 /* NestSDKTests.m */ = {isa = PBXFileReference; lastKnownFileType = sourcecode.c.objc; path = NestSDKTests.m; sourceTree = "<group>"; };
		91DC3D471C3F103100A61B61 /* Info.plist */ = {isa = PBXFileReference; lastKnownFileType = text.plist.xml; path = Info.plist; sourceTree = "<group>"; };
		91DC3D501C3F123C00A61B61 /* NestSDKAccessToken.h */ = {isa = PBXFileReference; fileEncoding = 4; lastKnownFileType = sourcecode.c.h; path = NestSDKAccessToken.h; sourceTree = "<group>"; };
		91DC3D511C3F123C00A61B61 /* NestSDKAccessToken.m */ = {isa = PBXFileReference; fileEncoding = 4; lastKnownFileType = sourcecode.c.objc; path = NestSDKAccessToken.m; sourceTree = "<group>"; };
		91DC3D521C3F123C00A61B61 /* NestSDKAccessTokenCache.h */ = {isa = PBXFileReference; fileEncoding = 4; lastKnownFileType = sourcecode.c.h; path = NestSDKAccessTokenCache.h; sourceTree = "<group>"; };
		91DC3D531C3F123C00A61B61 /* NestSDKAccessTokenCache.m */ = {isa = PBXFileReference; fileEncoding = 4; lastKnownFileType = sourcecode.c.objc; path = NestSDKAccessTokenCache.m; sourceTree = "<group>"; };
		91DC3D541C3F123C00A61B61 /* NestSDKApplicationDelegate.h */ = {isa = PBXFileReference; fileEncoding = 4; lastKnownFileType = sourcecode.c.h; path = NestSDKApplicationDelegate.h; sourceTree = "<group>"; };
		91DC3D551C3F123C00A61B61 /* NestSDKApplicationDelegate.m */ = {isa = PBXFileReference; fileEncoding = 4; lastKnownFileType = sourcecode.c.objc; path = NestSDKApplicationDelegate.m; sourceTree = "<group>"; };
		91DC3D561C3F123C00A61B61 /* NestSDKAuthorizationManager.h */ = {isa = PBXFileReference; fileEncoding = 4; lastKnownFileType = sourcecode.c.h; path = NestSDKAuthorizationManager.h; sourceTree = "<group>"; };
		91DC3D571C3F123C00A61B61 /* NestSDKAuthorizationManager.m */ = {isa = PBXFileReference; fileEncoding = 4; lastKnownFileType = sourcecode.c.objc; path = NestSDKAuthorizationManager.m; sourceTree = "<group>"; };
		91DC3D581C3F123C00A61B61 /* NestSDKAuthorizationManagerAuthorizationResult.h */ = {isa = PBXFileReference; fileEncoding = 4; lastKnownFileType = sourcecode.c.h; path = NestSDKAuthorizationManagerAuthorizationResult.h; sourceTree = "<group>"; };
		91DC3D591C3F123C00A61B61 /* NestSDKAuthorizationManagerAuthorizationResult.m */ = {isa = PBXFileReference; fileEncoding = 4; lastKnownFileType = sourcecode.c.objc; path = NestSDKAuthorizationManagerAuthorizationResult.m; sourceTree = "<group>"; };
		91DC3D5A1C3F123C00A61B61 /* NestSDKAuthorizationViewController.h */ = {isa = PBXFileReference; fileEncoding = 4; lastKnownFileType = sourcecode.c.h; path = NestSDKAuthorizationViewController.h; sourceTree = "<group>"; };
		91DC3D5B1C3F123C00A61B61 /* NestSDKAuthorizationViewController.m */ = {isa = PBXFileReference; fileEncoding = 4; lastKnownFileType = sourcecode.c.objc; path = NestSDKAuthorizationViewController.m; sourceTree = "<group>"; };
		91DC3D5C1C3F123C00A61B61 /* NestSDKFirebaseManager.h */ = {isa = PBXFileReference; fileEncoding = 4; lastKnownFileType = sourcecode.c.h; path = NestSDKFirebaseManager.h; sourceTree = "<group>"; };
		91DC3D5D1C3F123C00A61B61 /* NestSDKFirebaseManager.m */ = {isa = PBXFileReference; fileEncoding = 4; lastKnownFileType = sourcecode.c.objc; path = NestSDKFirebaseManager.m; sourceTree = "<group>"; };
		91DC3D5E1C3F123C00A61B61 /* NestSDKRESTService.h */ = {isa = PBXFileReference; fileEncoding = 4; lastKnownFileType = sourcecode.c.h; path = NestSDKRESTService.h; sourceTree = "<group>"; };
		91DC3D5F1C3F123C00A61B61 /* NestSDKRESTService.m */ = {isa = PBXFileReference; fileEncoding = 4; lastKnownFileType = sourcecode.c.objc; path = NestSDKRESTService.m; sourceTree = "<group>"; };
		91DC3D641C3F123C00A61B61 /* NestSDKStructuresManager.h */ = {isa = PBXFileReference; fileEncoding = 4; lastKnownFileType = sourcecode.c.h; path = NestSDKStructuresManager.h; sourceTree = "<group>"; };
		91DC3D651C3F123C00A61B61 /* NestSDKStructuresManager.m */ = {isa = PBXFileReference; fileEncoding = 4; lastKnownFileType = sourcecode.c.objc; path = NestSDKStructuresManager.m; sourceTree = "<group>"; };
		91DC3D6A1C3F123C00A61B61 /* UIColor+NestBlue.h */ = {isa = PBXFileReference; fileEncoding = 4; lastKnownFileType = sourcecode.c.h; path = "UIColor+NestBlue.h"; sourceTree = "<group>"; };
		91DC3D6B1C3F123C00A61B61 /* UIColor+NestBlue.m */ = {isa = PBXFileReference; fileEncoding = 4; lastKnownFileType = sourcecode.c.objc; path = "UIColor+NestBlue.m"; sourceTree = "<group>"; };
		D7C0208EB8B0FDE437D3EF7D /* NestSDKProductResourceUse.m */ = {isa = PBXFileReference; fileEncoding = 4; lastKnownFileType = sourcecode.c.objc; path = NestSDKProductResourceUse.m; sourceTree = "<group>"; };
		D7C02129ADBFF954696C254D /* NestSDKETA.m */ = {isa = PBXFileReference; fileEncoding = 4; lastKnownFileType = sourcecode.c.objc; path = NestSDKETA.m; sourceTree = "<group>"; };
		D7C02144FD1AA40E0A0682C1 /* NestSDKUtils.h */ = {isa = PBXFileReference; fileEncoding = 4; lastKnownFileType = sourcecode.c.h; path = NestSDKUtils.h; sourceTree = "<group>"; };
		D7C022597D42C8B526FFF49F /* NestSDKThermostat.h */ = {isa = PBXFileReference; fileEncoding = 4; lastKnownFileType = sourcecode.c.h; path = NestSDKThermostat.h; sourceTree = "<group>"; };
		D7C02285C727B2FD873C60E3 /* NestSDKDevicesManager.h */ = {isa = PBXFileReference; fileEncoding = 4; lastKnownFileType = sourcecode.c.h; path = NestSDKDevicesManager.h; sourceTree = "<group>"; };
		D7C022971857DCFE589BA7E6 /* NestSDKThermostat.m */ = {isa = PBXFileReference; fileEncoding = 4; lastKnownFileType = sourcecode.c.objc; path = NestSDKThermostat.m; sourceTree = "<group>"; };
		D7C022A8ADF8DF41D88763D4 /* NestSDKProductLocation.h */ = {isa = PBXFileReference; fileEncoding = 4; lastKnownFileType = sourcecode.c.h; path = NestSDKProductLocation.h; sourceTree = "<group>"; };
		D7C022FF62BBD9B31294A906 /* NestSDKDevice.h */ = {isa = PBXFileReference; fileEncoding = 4; lastKnownFileType = sourcecode.c.h; path = NestSDKDevice.h; sourceTree = "<group>"; };
		D7C02309055E02ABBF146EFE /* NestSDKCameraLastEvent.h */ = {isa = PBXFileReference; fileEncoding = 4; lastKnownFileType = sourcecode.c.h; path = NestSDKCameraLastEvent.h; sourceTree = "<group>"; };
		D7C023255470BDBC6748098C /* NestSDKProductResource.h */ = {isa = PBXFileReference; fileEncoding = 4; lastKnownFileType = sourcecode.c.h; path = NestSDKProductResource.h; sourceTree = "<group>"; };
		D7C023ED86B3E0E02DEF40D0 /* NestSDKMetaData.h */ = {isa = PBXFileReference; fileEncoding = 4; lastKnownFileType = sourcecode.c.h; path = NestSDKMetaData.h; sourceTree = "<group>"; };
		D7C0246A921F0424014FBB0F /* NestSDKStructure.m */ = {isa = PBXFileReference; fileEncoding = 4; lastKnownFileType = sourcecode.c.objc; path = NestSDKStructure.m; sourceTree = "<group>"; };
		D7C025028460BB3AD23848E4 /* NestSDKCamera.m */ = {isa = PBXFileReference; fileEncoding = 4; lastKnownFileType = sourcecode.c.objc; path = NestSDKCamera.m; sourceTree = "<group>"; };
		D7C025D276F6EFE2839F618B /* NestSDKMetaData.m */ = {isa = PBXFileReference; fileEncoding = 4; lastKnownFileType = sourcecode.c.objc; path = NestSDKMetaData.m; sourceTree = "<group>"; };
		D7C02747DDF8A75F6D5F6D70 /* NestSDKProductLocation.m */ = {isa = PBXFileReference; fileEncoding = 4; lastKnownFileType = sourcecode.c.objc; path = NestSDKProductLocation.m; sourceTree = "<group>"; };
		D7C02755F9D8267240F66E8A /* NestSDKWheres.h */ = {isa = PBXFileReference; fileEncoding = 4; lastKnownFileType = sourcecode.c.h; path = NestSDKWheres.h; sourceTree = "<group>"; };
		D7C028242D19B397B505A67D /* NestSDKProductResource.m */ = {isa = PBXFileReference; fileEncoding = 4; lastKnownFileType = sourcecode.c.objc; path = NestSDKProductResource.m; sourceTree = "<group>"; };
		D7C0287E07B95F53304B0313 /* NestSDKProductResourceUse.h */ = {isa = PBXFileReference; fileEncoding = 4; lastKnownFileType = sourcecode.c.h; path = NestSDKProductResourceUse.h; sourceTree = "<group>"; };
		D7C028E669A1A0785F89C6A5 /* NestSDKStructure.h */ = {isa = PBXFileReference; fileEncoding = 4; lastKnownFileType = sourcecode.c.h; path = NestSDKStructure.h; sourceTree = "<group>"; };
		D7C028F6360331D84A075F22 /* NestSDKCameraLastEvent.m */ = {isa = PBXFileReference; fileEncoding = 4; lastKnownFileType = sourcecode.c.objc; path = NestSDKCameraLastEvent.m; sourceTree = "<group>"; };
		D7C029002CCA7DCD3492C9B1 /* NestSDKProduct.h */ = {isa = PBXFileReference; fileEncoding = 4; lastKnownFileType = sourcecode.c.h; path = NestSDKProduct.h; sourceTree = "<group>"; };
		D7C02914855A1C58E81CE666 /* NestSDKProduct.m */ = {isa = PBXFileReference; fileEncoding = 4; lastKnownFileType = sourcecode.c.objc; path = NestSDKProduct.m; sourceTree = "<group>"; };
		D7C029C094EABEE142278517 /* NestSDKDevicesManager.m */ = {isa = PBXFileReference; fileEncoding = 4; lastKnownFileType = sourcecode.c.objc; path = NestSDKDevicesManager.m; sourceTree = "<group>"; };
		D7C02A1FEE960565B996AAE9 /* NestSDKSmokeCOAlarm.h */ = {isa = PBXFileReference; fileEncoding = 4; lastKnownFileType = sourcecode.c.h; path = NestSDKSmokeCOAlarm.h; sourceTree = "<group>"; };
		D7C02B32A358CA9D25F58D54 /* NestSDKUtils.m */ = {isa = PBXFileReference; fileEncoding = 4; lastKnownFileType = sourcecode.c.objc; path = NestSDKUtils.m; sourceTree = "<group>"; };
		D7C02B9F6F625B709AA0D124 /* NestSDKProductSoftware.m */ = {isa = PBXFileReference; fileEncoding = 4; lastKnownFileType = sourcecode.c.objc; path = NestSDKProductSoftware.m; sourceTree = "<group>"; };
		D7C02BEA8EBF18A68122BB3A /* NestSDKConnectWithNestButton.m */ = {isa = PBXFileReference; fileEncoding = 4; lastKnownFileType = sourcecode.c.objc; path = NestSDKConnectWithNestButton.m; sourceTree = "<group>"; };
		D7C02CB9462B1D8331EDC35C /* NestSDKDevice.m */ = {isa = PBXFileReference; fileEncoding = 4; lastKnownFileType = sourcecode.c.objc; path = NestSDKDevice.m; sourceTree = "<group>"; };
		D7C02D0F18DD3FD396828F61 /* NestSDKWheres.m */ = {isa = PBXFileReference; fileEncoding = 4; lastKnownFileType = sourcecode.c.objc; path = NestSDKWheres.m; sourceTree = "<group>"; };
		D7C02D30299383253E2A994B /* NestSDKProductSoftware.h */ = {isa = PBXFileReference; fileEncoding = 4; lastKnownFileType = sourcecode.c.h; path = NestSDKProductSoftware.h; sourceTree = "<group>"; };
		D7C02E18DA784D90ECA1FB79 /* NestSDKConnectWithNestButton.h */ = {isa = PBXFileReference; fileEncoding = 4; lastKnownFileType = sourcecode.c.h; path = NestSDKConnectWithNestButton.h; sourceTree = "<group>"; };
		D7C02E3DC417F0F5F76C30A9 /* NestSDKETA.h */ = {isa = PBXFileReference; fileEncoding = 4; lastKnownFileType = sourcecode.c.h; path = NestSDKETA.h; sourceTree = "<group>"; };
		D7C02E6FB801B131027C6CB6 /* NestSDKSmokeCOAlarm.m */ = {isa = PBXFileReference; fileEncoding = 4; lastKnownFileType = sourcecode.c.objc; path = NestSDKSmokeCOAlarm.m; sourceTree = "<group>"; };
		D7C02E8BDD190B6C7FACEC77 /* NestSDKCamera.h */ = {isa = PBXFileReference; fileEncoding = 4; lastKnownFileType = sourcecode.c.h; path = NestSDKCamera.h; sourceTree = "<group>"; };
		D7C02EDADF5FA67E76E6E2CF /* NestSDKProductIdentification.h */ = {isa = PBXFileReference; fileEncoding = 4; lastKnownFileType = sourcecode.c.h; path = NestSDKProductIdentification.h; sourceTree = "<group>"; };
		D7C02FF90040AADEB146F4D0 /* NestSDKProductIdentification.m */ = {isa = PBXFileReference; fileEncoding = 4; lastKnownFileType = sourcecode.c.objc; path = NestSDKProductIdentification.m; sourceTree = "<group>"; };
/* End PBXFileReference section */

/* Begin PBXFrameworksBuildPhase section */
		91DC3D321C3F103100A61B61 /* Frameworks */ = {
			isa = PBXFrameworksBuildPhase;
			buildActionMask = 2147483647;
			files = (
				994A46EB54FD53AA7CE1EDEF /* libPods-NestSDK.a in Frameworks */,
			);
			runOnlyForDeploymentPostprocessing = 0;
		};
		91DC3D3D1C3F103100A61B61 /* Frameworks */ = {
			isa = PBXFrameworksBuildPhase;
			buildActionMask = 2147483647;
			files = (
				91DC3D411C3F103100A61B61 /* NestSDK.framework in Frameworks */,
			);
			runOnlyForDeploymentPostprocessing = 0;
		};
/* End PBXFrameworksBuildPhase section */

/* Begin PBXGroup section */
		3EE72BF9BE30128ED593087A /* Pods */ = {
			isa = PBXGroup;
			children = (
				48C09388F598ADF046C53C82 /* Pods-NestSDK.debug.xcconfig */,
				1A6F820208666CB0CCA13237 /* Pods-NestSDK.release.xcconfig */,
			);
			name = Pods;
			sourceTree = "<group>";
		};
		7BBC4CBCDA2B8794182D252A /* Frameworks */ = {
			isa = PBXGroup;
			children = (
				5091C3934F818825EFCA5F61 /* libPods-NestSDK.a */,
			);
			name = Frameworks;
			sourceTree = "<group>";
		};
		91DC3D2C1C3F103100A61B61 = {
			isa = PBXGroup;
			children = (
				91DC3D381C3F103100A61B61 /* NestSDK */,
				91DC3D441C3F103100A61B61 /* NestSDKTests */,
				91DC3D371C3F103100A61B61 /* Products */,
				3EE72BF9BE30128ED593087A /* Pods */,
				7BBC4CBCDA2B8794182D252A /* Frameworks */,
			);
			sourceTree = "<group>";
		};
		91DC3D371C3F103100A61B61 /* Products */ = {
			isa = PBXGroup;
			children = (
				91DC3D361C3F103100A61B61 /* NestSDK.framework */,
				91DC3D401C3F103100A61B61 /* NestSDKTests.xctest */,
			);
			name = Products;
			sourceTree = "<group>";
		};
		91DC3D381C3F103100A61B61 /* NestSDK */ = {
			isa = PBXGroup;
			children = (
				91DC3D501C3F123C00A61B61 /* NestSDKAccessToken.h */,
				91DC3D511C3F123C00A61B61 /* NestSDKAccessToken.m */,
				91DC3D521C3F123C00A61B61 /* NestSDKAccessTokenCache.h */,
				91DC3D531C3F123C00A61B61 /* NestSDKAccessTokenCache.m */,
				91DC3D541C3F123C00A61B61 /* NestSDKApplicationDelegate.h */,
				91DC3D551C3F123C00A61B61 /* NestSDKApplicationDelegate.m */,
				91DC3D561C3F123C00A61B61 /* NestSDKAuthorizationManager.h */,
				91DC3D571C3F123C00A61B61 /* NestSDKAuthorizationManager.m */,
				91DC3D581C3F123C00A61B61 /* NestSDKAuthorizationManagerAuthorizationResult.h */,
				91DC3D591C3F123C00A61B61 /* NestSDKAuthorizationManagerAuthorizationResult.m */,
				91DC3D5A1C3F123C00A61B61 /* NestSDKAuthorizationViewController.h */,
				91DC3D5B1C3F123C00A61B61 /* NestSDKAuthorizationViewController.m */,
				91DC3D5C1C3F123C00A61B61 /* NestSDKFirebaseManager.h */,
				91DC3D5D1C3F123C00A61B61 /* NestSDKFirebaseManager.m */,
				91DC3D5E1C3F123C00A61B61 /* NestSDKRESTService.h */,
				91DC3D5F1C3F123C00A61B61 /* NestSDKRESTService.m */,
				91DC3D641C3F123C00A61B61 /* NestSDKStructuresManager.h */,
				91DC3D651C3F123C00A61B61 /* NestSDKStructuresManager.m */,
				91DC3D6A1C3F123C00A61B61 /* UIColor+NestBlue.h */,
				91DC3D6B1C3F123C00A61B61 /* UIColor+NestBlue.m */,
				91DC3D391C3F103100A61B61 /* NestSDK.h */,
				91DC3D3B1C3F103100A61B61 /* Info.plist */,
				D7C02BEA8EBF18A68122BB3A /* NestSDKConnectWithNestButton.m */,
				D7C02E18DA784D90ECA1FB79 /* NestSDKConnectWithNestButton.h */,
				D7C02B32A358CA9D25F58D54 /* NestSDKUtils.m */,
				D7C02144FD1AA40E0A0682C1 /* NestSDKUtils.h */,
				D7C029C094EABEE142278517 /* NestSDKDevicesManager.m */,
				D7C02285C727B2FD873C60E3 /* NestSDKDevicesManager.h */,
				D7C025F1B1A90568C9F20344 /* data-model */,
			);
			path = NestSDK;
			sourceTree = "<group>";
		};
		91DC3D441C3F103100A61B61 /* NestSDKTests */ = {
			isa = PBXGroup;
			children = (
				91DC3D451C3F103100A61B61 /* NestSDKTests.m */,
				91DC3D471C3F103100A61B61 /* Info.plist */,
			);
			path = NestSDKTests;
			sourceTree = "<group>";
		};
		D7C025F1B1A90568C9F20344 /* data-model */ = {
			isa = PBXGroup;
			children = (
				D7C02E8BDD190B6C7FACEC77 /* NestSDKCamera.h */,
				D7C02309055E02ABBF146EFE /* NestSDKCameraLastEvent.h */,
				D7C02E3DC417F0F5F76C30A9 /* NestSDKETA.h */,
				D7C02129ADBFF954696C254D /* NestSDKETA.m */,
				D7C028F6360331D84A075F22 /* NestSDKCameraLastEvent.m */,
				D7C0246A921F0424014FBB0F /* NestSDKStructure.m */,
				D7C02D0F18DD3FD396828F61 /* NestSDKWheres.m */,
				D7C025028460BB3AD23848E4 /* NestSDKCamera.m */,
				D7C022FF62BBD9B31294A906 /* NestSDKDevice.h */,
				D7C02A1FEE960565B996AAE9 /* NestSDKSmokeCOAlarm.h */,
				D7C02E6FB801B131027C6CB6 /* NestSDKSmokeCOAlarm.m */,
				D7C022597D42C8B526FFF49F /* NestSDKThermostat.h */,
				D7C022971857DCFE589BA7E6 /* NestSDKThermostat.m */,
				D7C02755F9D8267240F66E8A /* NestSDKWheres.h */,
				D7C02CB9462B1D8331EDC35C /* NestSDKDevice.m */,
				D7C028E669A1A0785F89C6A5 /* NestSDKStructure.h */,
				D7C025D276F6EFE2839F618B /* NestSDKMetaData.m */,
				D7C023ED86B3E0E02DEF40D0 /* NestSDKMetaData.h */,
				D7C02914855A1C58E81CE666 /* NestSDKProduct.m */,
				D7C029002CCA7DCD3492C9B1 /* NestSDKProduct.h */,
				D7C02FF90040AADEB146F4D0 /* NestSDKProductIdentification.m */,
				D7C02EDADF5FA67E76E6E2CF /* NestSDKProductIdentification.h */,
				D7C02747DDF8A75F6D5F6D70 /* NestSDKProductLocation.m */,
				D7C022A8ADF8DF41D88763D4 /* NestSDKProductLocation.h */,
				D7C02B9F6F625B709AA0D124 /* NestSDKProductSoftware.m */,
				D7C02D30299383253E2A994B /* NestSDKProductSoftware.h */,
				D7C0208EB8B0FDE437D3EF7D /* NestSDKProductResourceUse.m */,
				D7C0287E07B95F53304B0313 /* NestSDKProductResourceUse.h */,
				D7C028242D19B397B505A67D /* NestSDKProductResource.m */,
				D7C023255470BDBC6748098C /* NestSDKProductResource.h */,
			);
			path = "data-model";
			sourceTree = "<group>";
		};
/* End PBXGroup section */

/* Begin PBXHeadersBuildPhase section */
		91DC3D331C3F103100A61B61 /* Headers */ = {
			isa = PBXHeadersBuildPhase;
			buildActionMask = 2147483647;
			files = (
				91DC3D741C3F123C00A61B61 /* NestSDKAuthorizationManagerAuthorizationResult.h in Headers */,
				91DC3D7A1C3F123C00A61B61 /* NestSDKRESTService.h in Headers */,
				91DC3D6E1C3F123C00A61B61 /* NestSDKAccessTokenCache.h in Headers */,
				91DC3D3A1C3F103100A61B61 /* NestSDK.h in Headers */,
				91DC3D801C3F123C00A61B61 /* NestSDKStructuresManager.h in Headers */,
				91DC3D861C3F123C00A61B61 /* UIColor+NestBlue.h in Headers */,
				91DC3D781C3F123C00A61B61 /* NestSDKFirebaseManager.h in Headers */,
				91DC3D721C3F123C00A61B61 /* NestSDKAuthorizationManager.h in Headers */,
				D7C02C3242EB2D928CC97A76 /* NestSDKConnectWithNestButton.h in Headers */,
				D7C02CFC18A08830A3CF0D06 /* NestSDKUtils.h in Headers */,
				D7C028EF07CCDA110577E276 /* NestSDKDevicesManager.h in Headers */,
				D7C026EB724442C95A7D601A /* NestSDKCamera.h in Headers */,
				D7C027775FF548E68A9F8833 /* NestSDKCameraLastEvent.h in Headers */,
				D7C0247D5F2E3114D4D871B0 /* NestSDKETA.h in Headers */,
				D7C02565373C05227C18B3D1 /* NestSDKDevice.h in Headers */,
				D7C02EC911FB698624AF0420 /* NestSDKSmokeCOAlarm.h in Headers */,
				D7C025BB6821343E80E6DA6C /* NestSDKThermostat.h in Headers */,
				D7C02AC8777FE48E9593AB32 /* NestSDKWheres.h in Headers */,
				D7C02F131393A410D13C7F7C /* NestSDKStructure.h in Headers */,
				D7C02B8A238B1947F806681F /* NestSDKMetaData.h in Headers */,
				D7C02D68E51C843DAA4369B8 /* NestSDKProduct.h in Headers */,
				D7C0236CCCDF4DF1527ADEE8 /* NestSDKProductIdentification.h in Headers */,
				D7C02A279EC62F9E2FC7F35D /* NestSDKProductLocation.h in Headers */,
				D7C028140CEAEA1F65B34B00 /* NestSDKProductSoftware.h in Headers */,
				D7C0289C37BDA45698615A6B /* NestSDKProductResourceUse.h in Headers */,
				D7C02886DEC4E4F7DAB48CB7 /* NestSDKProductResource.h in Headers */,
			);
			runOnlyForDeploymentPostprocessing = 0;
		};
/* End PBXHeadersBuildPhase section */

/* Begin PBXNativeTarget section */
		91DC3D351C3F103100A61B61 /* NestSDK */ = {
			isa = PBXNativeTarget;
			buildConfigurationList = 91DC3D4A1C3F103100A61B61 /* Build configuration list for PBXNativeTarget "NestSDK" */;
			buildPhases = (
				E315FDC93A3A7A4E77A272BA /* Check Pods Manifest.lock */,
				91DC3D311C3F103100A61B61 /* Sources */,
				91DC3D321C3F103100A61B61 /* Frameworks */,
				91DC3D331C3F103100A61B61 /* Headers */,
				91DC3D341C3F103100A61B61 /* Resources */,
				0D960A49EC149CD11C5250E0 /* Copy Pods Resources */,
			);
			buildRules = (
			);
			dependencies = (
			);
			name = NestSDK;
			productName = NestSDK;
			productReference = 91DC3D361C3F103100A61B61 /* NestSDK.framework */;
			productType = "com.apple.product-type.framework";
		};
		91DC3D3F1C3F103100A61B61 /* NestSDKTests */ = {
			isa = PBXNativeTarget;
			buildConfigurationList = 91DC3D4D1C3F103100A61B61 /* Build configuration list for PBXNativeTarget "NestSDKTests" */;
			buildPhases = (
				91DC3D3C1C3F103100A61B61 /* Sources */,
				91DC3D3D1C3F103100A61B61 /* Frameworks */,
				91DC3D3E1C3F103100A61B61 /* Resources */,
			);
			buildRules = (
			);
			dependencies = (
				91DC3D431C3F103100A61B61 /* PBXTargetDependency */,
			);
			name = NestSDKTests;
			productName = NestSDKTests;
			productReference = 91DC3D401C3F103100A61B61 /* NestSDKTests.xctest */;
			productType = "com.apple.product-type.bundle.unit-test";
		};
/* End PBXNativeTarget section */

/* Begin PBXProject section */
		91DC3D2D1C3F103100A61B61 /* Project object */ = {
			isa = PBXProject;
			attributes = {
				LastUpgradeCheck = 0720;
				ORGANIZATIONNAME = "Petro Akzhygitov";
				TargetAttributes = {
					91DC3D351C3F103100A61B61 = {
						CreatedOnToolsVersion = 7.2;
					};
					91DC3D3F1C3F103100A61B61 = {
						CreatedOnToolsVersion = 7.2;
					};
				};
			};
			buildConfigurationList = 91DC3D301C3F103100A61B61 /* Build configuration list for PBXProject "NestSDK" */;
			compatibilityVersion = "Xcode 3.2";
			developmentRegion = English;
			hasScannedForEncodings = 0;
			knownRegions = (
				en,
			);
			mainGroup = 91DC3D2C1C3F103100A61B61;
			productRefGroup = 91DC3D371C3F103100A61B61 /* Products */;
			projectDirPath = "";
			projectRoot = "";
			targets = (
				91DC3D351C3F103100A61B61 /* NestSDK */,
				91DC3D3F1C3F103100A61B61 /* NestSDKTests */,
			);
		};
/* End PBXProject section */

/* Begin PBXResourcesBuildPhase section */
		91DC3D341C3F103100A61B61 /* Resources */ = {
			isa = PBXResourcesBuildPhase;
			buildActionMask = 2147483647;
			files = (
			);
			runOnlyForDeploymentPostprocessing = 0;
		};
		91DC3D3E1C3F103100A61B61 /* Resources */ = {
			isa = PBXResourcesBuildPhase;
			buildActionMask = 2147483647;
			files = (
			);
			runOnlyForDeploymentPostprocessing = 0;
		};
/* End PBXResourcesBuildPhase section */

/* Begin PBXShellScriptBuildPhase section */
		0D960A49EC149CD11C5250E0 /* Copy Pods Resources */ = {
			isa = PBXShellScriptBuildPhase;
			buildActionMask = 2147483647;
			files = (
			);
			inputPaths = (
			);
			name = "Copy Pods Resources";
			outputPaths = (
			);
			runOnlyForDeploymentPostprocessing = 0;
			shellPath = /bin/sh;
			shellScript = "\"${SRCROOT}/Pods/Target Support Files/Pods-NestSDK/Pods-NestSDK-resources.sh\"\n";
			showEnvVarsInLog = 0;
		};
		E315FDC93A3A7A4E77A272BA /* Check Pods Manifest.lock */ = {
			isa = PBXShellScriptBuildPhase;
			buildActionMask = 2147483647;
			files = (
			);
			inputPaths = (
			);
			name = "Check Pods Manifest.lock";
			outputPaths = (
			);
			runOnlyForDeploymentPostprocessing = 0;
			shellPath = /bin/sh;
			shellScript = "diff \"${PODS_ROOT}/../Podfile.lock\" \"${PODS_ROOT}/Manifest.lock\" > /dev/null\nif [[ $? != 0 ]] ; then\n    cat << EOM\nerror: The sandbox is not in sync with the Podfile.lock. Run 'pod install' or update your CocoaPods installation.\nEOM\n    exit 1\nfi\n";
			showEnvVarsInLog = 0;
		};
/* End PBXShellScriptBuildPhase section */

/* Begin PBXSourcesBuildPhase section */
		91DC3D311C3F103100A61B61 /* Sources */ = {
			isa = PBXSourcesBuildPhase;
			buildActionMask = 2147483647;
			files = (
				91DC3D791C3F123C00A61B61 /* NestSDKFirebaseManager.m in Sources */,
				91DC3D751C3F123C00A61B61 /* NestSDKAuthorizationManagerAuthorizationResult.m in Sources */,
				91DC3D7B1C3F123C00A61B61 /* NestSDKRESTService.m in Sources */,
				91DC3D731C3F123C00A61B61 /* NestSDKAuthorizationManager.m in Sources */,
				91DC3D711C3F123C00A61B61 /* NestSDKApplicationDelegate.m in Sources */,
				91DC3D6D1C3F123C00A61B61 /* NestSDKAccessToken.m in Sources */,
				91DC3D6F1C3F123C00A61B61 /* NestSDKAccessTokenCache.m in Sources */,
				91DC3D871C3F123C00A61B61 /* UIColor+NestBlue.m in Sources */,
				91DC3D771C3F123C00A61B61 /* NestSDKAuthorizationViewController.m in Sources */,
				91DC3D811C3F123C00A61B61 /* NestSDKStructuresManager.m in Sources */,
				D7C027C2C86F428022036E5C /* NestSDKConnectWithNestButton.m in Sources */,
				D7C024BCF1130AD17F628700 /* NestSDKUtils.m in Sources */,
				D7C02F0D1BAFEA0D12A1C737 /* NestSDKDevicesManager.m in Sources */,
				D7C0287F4D4B11CCC44DC2BA /* NestSDKETA.m in Sources */,
				D7C02A9485666ACFA1C1A14C /* NestSDKCameraLastEvent.m in Sources */,
				D7C02ABC310FB7F5E42E77E4 /* NestSDKStructure.m in Sources */,
				D7C02325C8F7986614CE8827 /* NestSDKWheres.m in Sources */,
				D7C02BFFAF79E20B1F9D20F8 /* NestSDKCamera.m in Sources */,
				D7C02785A2D70F954C4A49CB /* NestSDKSmokeCOAlarm.m in Sources */,
				D7C024E0E25B469566946680 /* NestSDKThermostat.m in Sources */,
				D7C02F7E34414E1F306EC98D /* NestSDKDevice.m in Sources */,
				D7C026A7AF44A49A75391B2E /* NestSDKMetaData.m in Sources */,
				D7C02EE77E92887751AEFE25 /* NestSDKProduct.m in Sources */,
				D7C0265BBBCE80C931F965E1 /* NestSDKProductIdentification.m in Sources */,
				D7C0232D2012ACD74D6DCAE2 /* NestSDKProductLocation.m in Sources */,
				D7C02890EC80CA04AFDCC6D5 /* NestSDKProductSoftware.m in Sources */,
				D7C02562AB214294EB485450 /* NestSDKProductResourceUse.m in Sources */,
				D7C02ABBFF61B2F9081E7EE8 /* NestSDKProductResource.m in Sources */,
			);
			runOnlyForDeploymentPostprocessing = 0;
		};
		91DC3D3C1C3F103100A61B61 /* Sources */ = {
			isa = PBXSourcesBuildPhase;
			buildActionMask = 2147483647;
			files = (
				91DC3D461C3F103100A61B61 /* NestSDKTests.m in Sources */,
			);
			runOnlyForDeploymentPostprocessing = 0;
		};
/* End PBXSourcesBuildPhase section */

/* Begin PBXTargetDependency section */
		91DC3D431C3F103100A61B61 /* PBXTargetDependency */ = {
			isa = PBXTargetDependency;
			target = 91DC3D351C3F103100A61B61 /* NestSDK */;
			targetProxy = 91DC3D421C3F103100A61B61 /* PBXContainerItemProxy */;
		};
/* End PBXTargetDependency section */

/* Begin XCBuildConfiguration section */
		91DC3D481C3F103100A61B61 /* Debug */ = {
			isa = XCBuildConfiguration;
			buildSettings = {
				ALWAYS_SEARCH_USER_PATHS = NO;
				CLANG_CXX_LANGUAGE_STANDARD = "gnu++0x";
				CLANG_CXX_LIBRARY = "libc++";
				CLANG_ENABLE_MODULES = YES;
				CLANG_ENABLE_OBJC_ARC = YES;
				CLANG_WARN_BOOL_CONVERSION = YES;
				CLANG_WARN_CONSTANT_CONVERSION = YES;
				CLANG_WARN_DIRECT_OBJC_ISA_USAGE = YES_ERROR;
				CLANG_WARN_EMPTY_BODY = YES;
				CLANG_WARN_ENUM_CONVERSION = YES;
				CLANG_WARN_INT_CONVERSION = YES;
				CLANG_WARN_OBJC_ROOT_CLASS = YES_ERROR;
				CLANG_WARN_UNREACHABLE_CODE = YES;
				CLANG_WARN__DUPLICATE_METHOD_MATCH = YES;
				"CODE_SIGN_IDENTITY[sdk=iphoneos*]" = "iPhone Developer";
				COPY_PHASE_STRIP = NO;
				CURRENT_PROJECT_VERSION = 1;
				DEBUG_INFORMATION_FORMAT = dwarf;
				ENABLE_STRICT_OBJC_MSGSEND = YES;
				ENABLE_TESTABILITY = YES;
				GCC_C_LANGUAGE_STANDARD = gnu99;
				GCC_DYNAMIC_NO_PIC = NO;
				GCC_NO_COMMON_BLOCKS = YES;
				GCC_OPTIMIZATION_LEVEL = 0;
				GCC_PREPROCESSOR_DEFINITIONS = (
					"DEBUG=1",
					"$(inherited)",
				);
				GCC_WARN_64_TO_32_BIT_CONVERSION = YES;
				GCC_WARN_ABOUT_RETURN_TYPE = YES_ERROR;
				GCC_WARN_UNDECLARED_SELECTOR = YES;
				GCC_WARN_UNINITIALIZED_AUTOS = YES_AGGRESSIVE;
				GCC_WARN_UNUSED_FUNCTION = YES;
				GCC_WARN_UNUSED_VARIABLE = YES;
				IPHONEOS_DEPLOYMENT_TARGET = 9.2;
				MTL_ENABLE_DEBUG_INFO = YES;
				ONLY_ACTIVE_ARCH = YES;
				SDKROOT = iphoneos;
				TARGETED_DEVICE_FAMILY = "1,2";
				VERSIONING_SYSTEM = "apple-generic";
				VERSION_INFO_PREFIX = "";
			};
			name = Debug;
		};
		91DC3D491C3F103100A61B61 /* Release */ = {
			isa = XCBuildConfiguration;
			buildSettings = {
				ALWAYS_SEARCH_USER_PATHS = NO;
				CLANG_CXX_LANGUAGE_STANDARD = "gnu++0x";
				CLANG_CXX_LIBRARY = "libc++";
				CLANG_ENABLE_MODULES = YES;
				CLANG_ENABLE_OBJC_ARC = YES;
				CLANG_WARN_BOOL_CONVERSION = YES;
				CLANG_WARN_CONSTANT_CONVERSION = YES;
				CLANG_WARN_DIRECT_OBJC_ISA_USAGE = YES_ERROR;
				CLANG_WARN_EMPTY_BODY = YES;
				CLANG_WARN_ENUM_CONVERSION = YES;
				CLANG_WARN_INT_CONVERSION = YES;
				CLANG_WARN_OBJC_ROOT_CLASS = YES_ERROR;
				CLANG_WARN_UNREACHABLE_CODE = YES;
				CLANG_WARN__DUPLICATE_METHOD_MATCH = YES;
				"CODE_SIGN_IDENTITY[sdk=iphoneos*]" = "iPhone Developer";
				COPY_PHASE_STRIP = NO;
				CURRENT_PROJECT_VERSION = 1;
				DEBUG_INFORMATION_FORMAT = "dwarf-with-dsym";
				ENABLE_NS_ASSERTIONS = NO;
				ENABLE_STRICT_OBJC_MSGSEND = YES;
				GCC_C_LANGUAGE_STANDARD = gnu99;
				GCC_NO_COMMON_BLOCKS = YES;
				GCC_WARN_64_TO_32_BIT_CONVERSION = YES;
				GCC_WARN_ABOUT_RETURN_TYPE = YES_ERROR;
				GCC_WARN_UNDECLARED_SELECTOR = YES;
				GCC_WARN_UNINITIALIZED_AUTOS = YES_AGGRESSIVE;
				GCC_WARN_UNUSED_FUNCTION = YES;
				GCC_WARN_UNUSED_VARIABLE = YES;
				IPHONEOS_DEPLOYMENT_TARGET = 9.2;
				MTL_ENABLE_DEBUG_INFO = NO;
				SDKROOT = iphoneos;
				TARGETED_DEVICE_FAMILY = "1,2";
				VALIDATE_PRODUCT = YES;
				VERSIONING_SYSTEM = "apple-generic";
				VERSION_INFO_PREFIX = "";
			};
			name = Release;
		};
		91DC3D4B1C3F103100A61B61 /* Debug */ = {
			isa = XCBuildConfiguration;
			baseConfigurationReference = 48C09388F598ADF046C53C82 /* Pods-NestSDK.debug.xcconfig */;
			buildSettings = {
				ALWAYS_SEARCH_USER_PATHS = YES;
				DEFINES_MODULE = YES;
				DYLIB_COMPATIBILITY_VERSION = 1;
				DYLIB_CURRENT_VERSION = 1;
				DYLIB_INSTALL_NAME_BASE = "@rpath";
				FRAMEWORK_SEARCH_PATHS = (
					"$(inherited)/**",
					"\"${PODS_ROOT}/Headers/Public/Firebase\"",
				);
				INFOPLIST_FILE = NestSDK/Info.plist;
				INSTALL_PATH = "$(LOCAL_LIBRARY_DIR)/Frameworks";
				LD_RUNPATH_SEARCH_PATHS = "$(inherited) @executable_path/Frameworks @loader_path/Frameworks";
				LIBRARY_SEARCH_PATHS = "";
				PRODUCT_BUNDLE_IDENTIFIER = NestSDK;
				PRODUCT_NAME = "$(TARGET_NAME)";
				SKIP_INSTALL = YES;
			};
			name = Debug;
		};
		91DC3D4C1C3F103100A61B61 /* Release */ = {
			isa = XCBuildConfiguration;
			baseConfigurationReference = 1A6F820208666CB0CCA13237 /* Pods-NestSDK.release.xcconfig */;
			buildSettings = {
				ALWAYS_SEARCH_USER_PATHS = YES;
				DEFINES_MODULE = YES;
				DYLIB_COMPATIBILITY_VERSION = 1;
				DYLIB_CURRENT_VERSION = 1;
				DYLIB_INSTALL_NAME_BASE = "@rpath";
				FRAMEWORK_SEARCH_PATHS = (
					"$(inherited)/**",
					"\"${PODS_ROOT}/Headers/Public/Firebase\"",
				);
				INFOPLIST_FILE = NestSDK/Info.plist;
				INSTALL_PATH = "$(LOCAL_LIBRARY_DIR)/Frameworks";
				LD_RUNPATH_SEARCH_PATHS = "$(inherited) @executable_path/Frameworks @loader_path/Frameworks";
				LIBRARY_SEARCH_PATHS = "";
				PRODUCT_BUNDLE_IDENTIFIER = NestSDK;
				PRODUCT_NAME = "$(TARGET_NAME)";
				SKIP_INSTALL = YES;
			};
			name = Release;
		};
		91DC3D4E1C3F103100A61B61 /* Debug */ = {
			isa = XCBuildConfiguration;
			buildSettings = {
				INFOPLIST_FILE = NestSDKTests/Info.plist;
				LD_RUNPATH_SEARCH_PATHS = "$(inherited) @executable_path/Frameworks @loader_path/Frameworks";
				PRODUCT_BUNDLE_IDENTIFIER = PAK.NestSDKTests;
				PRODUCT_NAME = "$(TARGET_NAME)";
			};
			name = Debug;
		};
		91DC3D4F1C3F103100A61B61 /* Release */ = {
			isa = XCBuildConfiguration;
			buildSettings = {
				INFOPLIST_FILE = NestSDKTests/Info.plist;
				LD_RUNPATH_SEARCH_PATHS = "$(inherited) @executable_path/Frameworks @loader_path/Frameworks";
				PRODUCT_BUNDLE_IDENTIFIER = PAK.NestSDKTests;
				PRODUCT_NAME = "$(TARGET_NAME)";
			};
			name = Release;
		};
/* End XCBuildConfiguration section */

/* Begin XCConfigurationList section */
		91DC3D301C3F103100A61B61 /* Build configuration list for PBXProject "NestSDK" */ = {
			isa = XCConfigurationList;
			buildConfigurations = (
				91DC3D481C3F103100A61B61 /* Debug */,
				91DC3D491C3F103100A61B61 /* Release */,
			);
			defaultConfigurationIsVisible = 0;
			defaultConfigurationName = Release;
		};
		91DC3D4A1C3F103100A61B61 /* Build configuration list for PBXNativeTarget "NestSDK" */ = {
			isa = XCConfigurationList;
			buildConfigurations = (
				91DC3D4B1C3F103100A61B61 /* Debug */,
				91DC3D4C1C3F103100A61B61 /* Release */,
			);
			defaultConfigurationIsVisible = 0;
			defaultConfigurationName = Release;
		};
		91DC3D4D1C3F103100A61B61 /* Build configuration list for PBXNativeTarget "NestSDKTests" */ = {
			isa = XCConfigurationList;
			buildConfigurations = (
				91DC3D4E1C3F103100A61B61 /* Debug */,
				91DC3D4F1C3F103100A61B61 /* Release */,
			);
			defaultConfigurationIsVisible = 0;
			defaultConfigurationName = Release;
		};
/* End XCConfigurationList section */
	};
	rootObject = 91DC3D2D1C3F103100A61B61 /* Project object */;
}
