<?xml version="1.0" encoding="UTF-8"?>
<Scheme
   version = "1.3">
   <BuildAction>
      <BuildActionEntries>
         <BuildActionEntry
            buildForRunning = "YES"
            buildForTesting = "YES">
            <BuildableReference
               BuildableIdentifier = "primary"
               BlueprintIdentifier = "91DC3D3F1C3F103100A61B61"
               BuildableName = "NestSDKTests.xctest"
               BlueprintName = "NestSDKTests"
               ReferencedContainer = "container:NestSDK.xcodeproj">
            </BuildableReference>
         </BuildActionEntry>
      </BuildActionEntries>
   </BuildAction>
   <TestAction
      buildConfiguration = "Debug">
      <Testables>
         <TestableReference>
            <BuildableReference
               BuildableIdentifier = "primary"
               BlueprintIdentifier = "91DC3D3F1C3F103100A61B61"
               BuildableName = "NestSDKTests.xctest"
               BlueprintName = "NestSDKTests"
               ReferencedContainer = "container:NestSDK.xcodeproj">
            </BuildableReference>
            <SkippedTests>
               <Test
                  Identifier = "NestSDKAccessTokenCacheSpec">
               </Test>
               <Test
                  Identifier = "NestSDKAccessTokenSpec">
               </Test>
               <Test
                  Identifier = "NestSDKAuthorizationManagerAuthorizationResultSpec">
               </Test>
               <Test
                  Identifier = "NestSDKAuthorizationManagerSpec">
               </Test>
               <Test
                  Identifier = "NestSDKAuthorizationViewControllerSpec">
               </Test>
               <Test
                  Identifier = "NestSDKCameraDataModelSpec">
               </Test>
               <Test
                  Identifier = "NestSDKCameraLastEventDataModelSpec">
               </Test>
               <Test
                  Identifier = "NestSDKConnectWithNestButtonSpec">
               </Test>
               <Test
                  Identifier = "NestSDKDataManagerHelperSpec">
               </Test>
               <Test
                  Identifier = "NestSDKDataManagerSpec">
               </Test>
               <Test
                  Identifier = "NestSDKDataModelSpec">
               </Test>
               <Test
                  Identifier = "NestSDKDeviceDataModelSpec">
               </Test>
               <Test
                  Identifier = "NestSDKETADataModelSpec">
               </Test>
               <Test
                  Identifier = "NestSDKFirebaseServiceSpec">
               </Test>
               <Test
                  Identifier = "NestSDKMetadataDataModelSpec">
               </Test>
               <Test
                  Identifier = "NestSDKProductIdentificationDataModelSpec">
               </Test>
               <Test
                  Identifier = "NestSDKProductLocationDataModelSpec">
               </Test>
               <Test
                  Identifier = "NestSDKProductResourceDataModelSpec">
               </Test>
               <Test
                  Identifier = "NestSDKProductResourceUseDataModelSpec">
               </Test>
               <Test
                  Identifier = "NestSDKProductSoftwareDataModelSpec">
               </Test>
               <Test
                  Identifier = "NestSDKSmokeCOAlarmDataModelSpec">
               </Test>
               <Test
                  Identifier = "NestSDKStructureDataModelSpec">
               </Test>
               <Test
                  Identifier = "NestSDKThermostatDataModelSpec">
               </Test>
               <Test
                  Identifier = "NestSDKUtilsSpec">
               </Test>
               <Test
                  Identifier = "NestSDKWheresDataModelSpec">
               </Test>
            </SkippedTests>
         </TestableReference>
      </Testables>
   </TestAction>
   <LaunchAction
      useCustomWorkingDirectory = "NO">
   </LaunchAction>
</Scheme>
